<?xml version="1.0" encoding="utf-8"?>
<Project ToolsVersion="4.0" xmlns="http://schemas.microsoft.com/developer/msbuild/2003">
  <ItemGroup>
    <Filter Include="Common">
      <UniqueIdentifier>{2f29e4fd-6ebd-4ba1-8dc7-6b542a5dfd5d}</UniqueIdentifier>
    </Filter>
  </ItemGroup>
  <ItemGroup>
    <ClInclude Include="..\..\Common\OfficeFileFormatChecker.h">
      <Filter>Common</Filter>
    </ClInclude>
    <ClInclude Include="..\..\OOXML\Base\unicode_util.h" />
    <ClInclude Include="..\..\OOXML\Base\Unit.h" />
  </ItemGroup>
  <ItemGroup>
    <ClCompile Include="..\..\Common\OfficeFileFormatChecker2.cpp">
      <Filter>Common</Filter>
    </ClCompile>
    <ClCompile Include="..\..\Common\3dParty\pole\pole.cpp">
      <Filter>Common</Filter>
    </ClCompile>
    <ClCompile Include="Test.cpp" />
    <ClCompile Include="..\..\OOXML\Base\unicode_util.cpp" />
    <ClCompile Include="..\..\OOXML\Base\Unit.cpp" />
    <ClCompile Include="..\..\MsBinaryFile\DocFile\MemoryStream.cpp" />
  </ItemGroup>
</Project>