// !$*UTF8*$!
{
	archiveVersion = 1;
	classes = {
	};
	objectVersion = 46;
	objects = {

/* Begin PBXBuildFile section */
		6967B1AA1E27B4B800A129E2 /* ConvertationManager.cpp in Sources */ = {isa = PBXBuildFile; fileRef = 6967B1361E27B4B800A129E2 /* ConvertationManager.cpp */; };
		6967B1AB1E27B4B800A129E2 /* DestinationCommand.cpp in Sources */ = {isa = PBXBuildFile; fileRef = 6967B1381E27B4B800A129E2 /* DestinationCommand.cpp */; };
		6967B1AC1E27B4B800A129E2 /* OOXDrawingGraphicReader.cpp in Sources */ = {isa = PBXBuildFile; fileRef = 6967B1491E27B4B800A129E2 /* OOXDrawingGraphicReader.cpp */; };
		6967B1AD1E27B4B800A129E2 /* OOXHeaderReader.cpp in Sources */ = {isa = PBXBuildFile; fileRef = 6967B14E1E27B4B800A129E2 /* OOXHeaderReader.cpp */; };
		6967B1AE1E27B4B800A129E2 /* OOXMathReader.cpp in Sources */ = {isa = PBXBuildFile; fileRef = 6967B1521E27B4B800A129E2 /* OOXMathReader.cpp */; };
		6967B1AF1E27B4B800A129E2 /* OOXParagraphElementReaders.cpp in Sources */ = {isa = PBXBuildFile; fileRef = 6967B1561E27B4B800A129E2 /* OOXParagraphElementReaders.cpp */; };
		6967B1B01E27B4B800A129E2 /* OOXReader.cpp in Sources */ = {isa = PBXBuildFile; fileRef = 6967B15F1E27B4B800A129E2 /* OOXReader.cpp */; };
		6967B1B11E27B4B800A129E2 /* OOXShapeReader.cpp in Sources */ = {isa = PBXBuildFile; fileRef = 6967B1681E27B4B800A129E2 /* OOXShapeReader.cpp */; };
		6967B1B21E27B4B800A129E2 /* OOXTableReader.cpp in Sources */ = {isa = PBXBuildFile; fileRef = 6967B16D1E27B4B800A129E2 /* OOXTableReader.cpp */; };
		6967B1B31E27B4B800A129E2 /* RtfBookmark.cpp in Sources */ = {isa = PBXBuildFile; fileRef = 6967B1771E27B4B800A129E2 /* RtfBookmark.cpp */; };
		6967B1B41E27B4B800A129E2 /* RtfChar.cpp in Sources */ = {isa = PBXBuildFile; fileRef = 6967B1791E27B4B800A129E2 /* RtfChar.cpp */; };
		6967B1B51E27B4B800A129E2 /* RtfDocument.cpp in Sources */ = {isa = PBXBuildFile; fileRef = 6967B17C1E27B4B800A129E2 /* RtfDocument.cpp */; };
		6967B1B61E27B4B800A129E2 /* RtfField.cpp in Sources */ = {isa = PBXBuildFile; fileRef = 6967B17F1E27B4B800A129E2 /* RtfField.cpp */; };
		6967B1B71E27B4B800A129E2 /* RtfGlobalTables.cpp in Sources */ = {isa = PBXBuildFile; fileRef = 6967B1811E27B4B800A129E2 /* RtfGlobalTables.cpp */; };
		6967B1B81E27B4B800A129E2 /* RtfMath.cpp in Sources */ = {isa = PBXBuildFile; fileRef = 6967B1841E27B4B800A129E2 /* RtfMath.cpp */; };
		6967B1B91E27B4B800A129E2 /* RtfOldList.cpp in Sources */ = {isa = PBXBuildFile; fileRef = 6967B1861E27B4B800A129E2 /* RtfOldList.cpp */; };
		6967B1BA1E27B4B800A129E2 /* RtfOle.cpp in Sources */ = {isa = PBXBuildFile; fileRef = 6967B1871E27B4B800A129E2 /* RtfOle.cpp */; };
		6967B1BB1E27B4B800A129E2 /* RtfParagraph.cpp in Sources */ = {isa = PBXBuildFile; fileRef = 6967B1891E27B4B800A129E2 /* RtfParagraph.cpp */; };
		6967B1BC1E27B4B800A129E2 /* RtfPicture.cpp in Sources */ = {isa = PBXBuildFile; fileRef = 6967B18B1E27B4B800A129E2 /* RtfPicture.cpp */; };
		6967B1BD1E27B4B800A129E2 /* RtfProperty.cpp in Sources */ = {isa = PBXBuildFile; fileRef = 6967B18D1E27B4B800A129E2 /* RtfProperty.cpp */; };
		6967B1BE1E27B4B800A129E2 /* RtfReader.cpp in Sources */ = {isa = PBXBuildFile; fileRef = 6967B18F1E27B4B800A129E2 /* RtfReader.cpp */; };
		6967B1BF1E27B4B800A129E2 /* RtfSection.cpp in Sources */ = {isa = PBXBuildFile; fileRef = 6967B1911E27B4B800A129E2 /* RtfSection.cpp */; };
		6967B1C01E27B4B800A129E2 /* RtfShape.cpp in Sources */ = {isa = PBXBuildFile; fileRef = 6967B1931E27B4B800A129E2 /* RtfShape.cpp */; };
		6967B1C11E27B4B800A129E2 /* RtfWriter.cpp in Sources */ = {isa = PBXBuildFile; fileRef = 6967B1991E27B4B800A129E2 /* RtfWriter.cpp */; };
		6967B1C21E27B4B800A129E2 /* OOXDocumentWriter.cpp in Sources */ = {isa = PBXBuildFile; fileRef = 6967B19F1E27B4B800A129E2 /* OOXDocumentWriter.cpp */; };
		6967B1C31E27B4B800A129E2 /* OOXWriter.cpp in Sources */ = {isa = PBXBuildFile; fileRef = 6967B1A81E27B4B800A129E2 /* OOXWriter.cpp */; };
		69ACB6D31E7A983400096E94 /* svg_parser.cpp in Sources */ = {isa = PBXBuildFile; fileRef = 69ACB6D11E7A983400096E94 /* svg_parser.cpp */; };
		8A404FBE2089FE2D00F2D5CF /* StringBuilder.cpp in Sources */ = {isa = PBXBuildFile; fileRef = 8A404FBD2089FE2C00F2D5CF /* StringBuilder.cpp */; };
/* End PBXBuildFile section */

/* Begin PBXCopyFilesBuildPhase section */
		6967B1271E27B44D00A129E2 /* CopyFiles */ = {
			isa = PBXCopyFilesBuildPhase;
			buildActionMask = 2147483647;
			dstPath = "include/$(PRODUCT_NAME)";
			dstSubfolderSpec = 16;
			files = (
			);
			runOnlyForDeploymentPostprocessing = 0;
		};
/* End PBXCopyFilesBuildPhase section */

/* Begin PBXFileReference section */
		6967B1291E27B44D00A129E2 /* libRtfFormatLib.a */ = {isa = PBXFileReference; explicitFileType = archive.ar; includeInIndex = 0; path = libRtfFormatLib.a; sourceTree = BUILT_PRODUCTS_DIR; };
		6967B1351E27B4B800A129E2 /* Basic.h */ = {isa = PBXFileReference; fileEncoding = 4; lastKnownFileType = sourcecode.c.h; name = Basic.h; path = ../../source/Basic.h; sourceTree = "<group>"; };
		6967B1361E27B4B800A129E2 /* ConvertationManager.cpp */ = {isa = PBXFileReference; fileEncoding = 4; lastKnownFileType = sourcecode.cpp.cpp; name = ConvertationManager.cpp; path = ../../source/ConvertationManager.cpp; sourceTree = "<group>"; };
		6967B1371E27B4B800A129E2 /* ConvertationManager.h */ = {isa = PBXFileReference; fileEncoding = 4; lastKnownFileType = sourcecode.c.h; name = ConvertationManager.h; path = ../../source/ConvertationManager.h; sourceTree = "<group>"; };
		6967B1381E27B4B800A129E2 /* DestinationCommand.cpp */ = {isa = PBXFileReference; fileEncoding = 4; lastKnownFileType = sourcecode.cpp.cpp; name = DestinationCommand.cpp; path = ../../source/DestinationCommand.cpp; sourceTree = "<group>"; };
		6967B1391E27B4B800A129E2 /* DestinationCommand.h */ = {isa = PBXFileReference; fileEncoding = 4; lastKnownFileType = sourcecode.c.h; name = DestinationCommand.h; path = ../../source/DestinationCommand.h; sourceTree = "<group>"; };
		6967B13A1E27B4B800A129E2 /* IdGenerator.h */ = {isa = PBXFileReference; fileEncoding = 4; lastKnownFileType = sourcecode.c.h; name = IdGenerator.h; path = ../../source/IdGenerator.h; sourceTree = "<group>"; };
		6967B13B1E27B4B800A129E2 /* Ole1FormatReader.h */ = {isa = PBXFileReference; fileEncoding = 4; lastKnownFileType = sourcecode.c.h; name = Ole1FormatReader.h; path = ../../source/Ole1FormatReader.h; sourceTree = "<group>"; };
		6967B13C1E27B4B800A129E2 /* OOXColorTable.h */ = {isa = PBXFileReference; fileEncoding = 4; lastKnownFileType = sourcecode.c.h; name = OOXColorTable.h; path = ../../source/OOXColorTable.h; sourceTree = "<group>"; };
		6967B13E1E27B4B800A129E2 /* OOXAbstractNumReader.h */ = {isa = PBXFileReference; fileEncoding = 4; lastKnownFileType = sourcecode.c.h; path = OOXAbstractNumReader.h; sourceTree = "<group>"; };
		6967B13F1E27B4B800A129E2 /* OOXAppReader.h */ = {isa = PBXFileReference; fileEncoding = 4; lastKnownFileType = sourcecode.c.h; path = OOXAppReader.h; sourceTree = "<group>"; };
		6967B1401E27B4B800A129E2 /* OOXBorderReader.h */ = {isa = PBXFileReference; fileEncoding = 4; lastKnownFileType = sourcecode.c.h; path = OOXBorderReader.h; sourceTree = "<group>"; };
		6967B1411E27B4B800A129E2 /* OOXcnfStyleReader.h */ = {isa = PBXFileReference; fileEncoding = 4; lastKnownFileType = sourcecode.c.h; path = OOXcnfStyleReader.h; sourceTree = "<group>"; };
		6967B1421E27B4B800A129E2 /* OOXColorReader.h */ = {isa = PBXFileReference; fileEncoding = 4; lastKnownFileType = sourcecode.c.h; path = OOXColorReader.h; sourceTree = "<group>"; };
		6967B1431E27B4B800A129E2 /* OOXColorReader2.h */ = {isa = PBXFileReference; fileEncoding = 4; lastKnownFileType = sourcecode.c.h; path = OOXColorReader2.h; sourceTree = "<group>"; };
		6967B1441E27B4B800A129E2 /* OOXColorSchemeReader.h */ = {isa = PBXFileReference; fileEncoding = 4; lastKnownFileType = sourcecode.c.h; path = OOXColorSchemeReader.h; sourceTree = "<group>"; };
		6967B1451E27B4B800A129E2 /* OOXContentTypeReader.h */ = {isa = PBXFileReference; fileEncoding = 4; lastKnownFileType = sourcecode.c.h; path = OOXContentTypeReader.h; sourceTree = "<group>"; };
		6967B1461E27B4B800A129E2 /* OOXCoreReader.h */ = {isa = PBXFileReference; fileEncoding = 4; lastKnownFileType = sourcecode.c.h; path = OOXCoreReader.h; sourceTree = "<group>"; };
		6967B1471E27B4B800A129E2 /* OOXDocDefaultsReader.h */ = {isa = PBXFileReference; fileEncoding = 4; lastKnownFileType = sourcecode.c.h; path = OOXDocDefaultsReader.h; sourceTree = "<group>"; };
		6967B1481E27B4B800A129E2 /* OOXDocumentReader.h */ = {isa = PBXFileReference; fileEncoding = 4; lastKnownFileType = sourcecode.c.h; path = OOXDocumentReader.h; sourceTree = "<group>"; };
		6967B1491E27B4B800A129E2 /* OOXDrawingGraphicReader.cpp */ = {isa = PBXFileReference; fileEncoding = 4; lastKnownFileType = sourcecode.cpp.cpp; path = OOXDrawingGraphicReader.cpp; sourceTree = "<group>"; };
		6967B14A1E27B4B800A129E2 /* OOXFontReader.h */ = {isa = PBXFileReference; fileEncoding = 4; lastKnownFileType = sourcecode.c.h; path = OOXFontReader.h; sourceTree = "<group>"; };
		6967B14B1E27B4B800A129E2 /* OOXFontSchemeReader.h */ = {isa = PBXFileReference; fileEncoding = 4; lastKnownFileType = sourcecode.c.h; path = OOXFontSchemeReader.h; sourceTree = "<group>"; };
		6967B14C1E27B4B800A129E2 /* OOXFontTableReader.h */ = {isa = PBXFileReference; fileEncoding = 4; lastKnownFileType = sourcecode.c.h; path = OOXFontTableReader.h; sourceTree = "<group>"; };
		6967B14D1E27B4B800A129E2 /* OOXFootnotesReader.h */ = {isa = PBXFileReference; fileEncoding = 4; lastKnownFileType = sourcecode.c.h; path = OOXFootnotesReader.h; sourceTree = "<group>"; };
		6967B14E1E27B4B800A129E2 /* OOXHeaderReader.cpp */ = {isa = PBXFileReference; fileEncoding = 4; lastKnownFileType = sourcecode.cpp.cpp; path = OOXHeaderReader.cpp; sourceTree = "<group>"; };
		6967B14F1E27B4B800A129E2 /* OOXHeaderReader.h */ = {isa = PBXFileReference; fileEncoding = 4; lastKnownFileType = sourcecode.c.h; path = OOXHeaderReader.h; sourceTree = "<group>"; };
		6967B1501E27B4B800A129E2 /* OOXLatentStyleReader.h */ = {isa = PBXFileReference; fileEncoding = 4; lastKnownFileType = sourcecode.c.h; path = OOXLatentStyleReader.h; sourceTree = "<group>"; };
		6967B1511E27B4B800A129E2 /* OOXLevelReader.h */ = {isa = PBXFileReference; fileEncoding = 4; lastKnownFileType = sourcecode.c.h; path = OOXLevelReader.h; sourceTree = "<group>"; };
		6967B1521E27B4B800A129E2 /* OOXMathReader.cpp */ = {isa = PBXFileReference; fileEncoding = 4; lastKnownFileType = sourcecode.cpp.cpp; path = OOXMathReader.cpp; sourceTree = "<group>"; };
		6967B1531E27B4B800A129E2 /* OOXMathReader.h */ = {isa = PBXFileReference; fileEncoding = 4; lastKnownFileType = sourcecode.c.h; path = OOXMathReader.h; sourceTree = "<group>"; };
		6967B1541E27B4B800A129E2 /* OOXNumberingMapReader.h */ = {isa = PBXFileReference; fileEncoding = 4; lastKnownFileType = sourcecode.c.h; path = OOXNumberingMapReader.h; sourceTree = "<group>"; };
		6967B1551E27B4B800A129E2 /* OOXNumberingReader.h */ = {isa = PBXFileReference; fileEncoding = 4; lastKnownFileType = sourcecode.c.h; path = OOXNumberingReader.h; sourceTree = "<group>"; };
		6967B1561E27B4B800A129E2 /* OOXParagraphElementReaders.cpp */ = {isa = PBXFileReference; fileEncoding = 4; lastKnownFileType = sourcecode.cpp.cpp; path = OOXParagraphElementReaders.cpp; sourceTree = "<group>"; };
		6967B1571E27B4B800A129E2 /* OOXParagraphReader.h */ = {isa = PBXFileReference; fileEncoding = 4; lastKnownFileType = sourcecode.c.h; path = OOXParagraphReader.h; sourceTree = "<group>"; };
		6967B1581E27B4B800A129E2 /* OOXPictureAnchorReader.h */ = {isa = PBXFileReference; fileEncoding = 4; lastKnownFileType = sourcecode.c.h; path = OOXPictureAnchorReader.h; sourceTree = "<group>"; };
		6967B15A1E27B4B800A129E2 /* OOXPictureInlineReader.h */ = {isa = PBXFileReference; fileEncoding = 4; lastKnownFileType = sourcecode.c.h; path = OOXPictureInlineReader.h; sourceTree = "<group>"; };
		6967B15B1E27B4B800A129E2 /* OOXPictureReader.h */ = {isa = PBXFileReference; fileEncoding = 4; lastKnownFileType = sourcecode.c.h; path = OOXPictureReader.h; sourceTree = "<group>"; };
		6967B15C1E27B4B800A129E2 /* OOXpPrFrameReader.h */ = {isa = PBXFileReference; fileEncoding = 4; lastKnownFileType = sourcecode.c.h; path = OOXpPrFrameReader.h; sourceTree = "<group>"; };
		6967B15D1E27B4B800A129E2 /* OOXpPrReader.h */ = {isa = PBXFileReference; fileEncoding = 4; lastKnownFileType = sourcecode.c.h; path = OOXpPrReader.h; sourceTree = "<group>"; };
		6967B15E1E27B4B800A129E2 /* OOXpPrTabReader.h */ = {isa = PBXFileReference; fileEncoding = 4; lastKnownFileType = sourcecode.c.h; path = OOXpPrTabReader.h; sourceTree = "<group>"; };
		6967B15F1E27B4B800A129E2 /* OOXReader.cpp */ = {isa = PBXFileReference; fileEncoding = 4; lastKnownFileType = sourcecode.cpp.cpp; path = OOXReader.cpp; sourceTree = "<group>"; };
		6967B1601E27B4B800A129E2 /* OOXReader.h */ = {isa = PBXFileReference; fileEncoding = 4; lastKnownFileType = sourcecode.c.h; path = OOXReader.h; sourceTree = "<group>"; };
		6967B1611E27B4B800A129E2 /* OOXReaderBasic.h */ = {isa = PBXFileReference; fileEncoding = 4; lastKnownFileType = sourcecode.c.h; path = OOXReaderBasic.h; sourceTree = "<group>"; };
		6967B1621E27B4B800A129E2 /* OOXRelsReader.h */ = {isa = PBXFileReference; fileEncoding = 4; lastKnownFileType = sourcecode.c.h; path = OOXRelsReader.h; sourceTree = "<group>"; };
		6967B1631E27B4B800A129E2 /* OOXrPrReader.h */ = {isa = PBXFileReference; fileEncoding = 4; lastKnownFileType = sourcecode.c.h; path = OOXrPrReader.h; sourceTree = "<group>"; };
		6967B1641E27B4B800A129E2 /* OOXRunReader.h */ = {isa = PBXFileReference; fileEncoding = 4; lastKnownFileType = sourcecode.c.h; path = OOXRunReader.h; sourceTree = "<group>"; };
		6967B1651E27B4B800A129E2 /* OOXSectionPropertyReader.h */ = {isa = PBXFileReference; fileEncoding = 4; lastKnownFileType = sourcecode.c.h; path = OOXSectionPropertyReader.h; sourceTree = "<group>"; };
		6967B1661E27B4B800A129E2 /* OOXSettingsReader.h */ = {isa = PBXFileReference; fileEncoding = 4; lastKnownFileType = sourcecode.c.h; path = OOXSettingsReader.h; sourceTree = "<group>"; };
		6967B1671E27B4B800A129E2 /* OOXShadingReader.h */ = {isa = PBXFileReference; fileEncoding = 4; lastKnownFileType = sourcecode.c.h; path = OOXShadingReader.h; sourceTree = "<group>"; };
		6967B1681E27B4B800A129E2 /* OOXShapeReader.cpp */ = {isa = PBXFileReference; fileEncoding = 4; lastKnownFileType = sourcecode.cpp.cpp; path = OOXShapeReader.cpp; sourceTree = "<group>"; };
		6967B1691E27B4B800A129E2 /* OOXShapeReader.h */ = {isa = PBXFileReference; fileEncoding = 4; lastKnownFileType = sourcecode.c.h; path = OOXShapeReader.h; sourceTree = "<group>"; };
		6967B16A1E27B4B800A129E2 /* OOXStyleReader.h */ = {isa = PBXFileReference; fileEncoding = 4; lastKnownFileType = sourcecode.c.h; path = OOXStyleReader.h; sourceTree = "<group>"; };
		6967B16B1E27B4B800A129E2 /* OOXStyleTableReader.h */ = {isa = PBXFileReference; fileEncoding = 4; lastKnownFileType = sourcecode.c.h; path = OOXStyleTableReader.h; sourceTree = "<group>"; };
		6967B16C1E27B4B800A129E2 /* OOXTableCellReader.h */ = {isa = PBXFileReference; fileEncoding = 4; lastKnownFileType = sourcecode.c.h; path = OOXTableCellReader.h; sourceTree = "<group>"; };
		6967B16D1E27B4B800A129E2 /* OOXTableReader.cpp */ = {isa = PBXFileReference; fileEncoding = 4; lastKnownFileType = sourcecode.cpp.cpp; path = OOXTableReader.cpp; sourceTree = "<group>"; };
		6967B16E1E27B4B800A129E2 /* OOXTableReader.h */ = {isa = PBXFileReference; fileEncoding = 4; lastKnownFileType = sourcecode.c.h; path = OOXTableReader.h; sourceTree = "<group>"; };
		6967B16F1E27B4B800A129E2 /* OOXTableRowReader.h */ = {isa = PBXFileReference; fileEncoding = 4; lastKnownFileType = sourcecode.c.h; path = OOXTableRowReader.h; sourceTree = "<group>"; };
		6967B1701E27B4B800A129E2 /* OOXtblLookReader.h */ = {isa = PBXFileReference; fileEncoding = 4; lastKnownFileType = sourcecode.c.h; path = OOXtblLookReader.h; sourceTree = "<group>"; };
		6967B1711E27B4B800A129E2 /* OOXtblpPrReader.h */ = {isa = PBXFileReference; fileEncoding = 4; lastKnownFileType = sourcecode.c.h; path = OOXtblpPrReader.h; sourceTree = "<group>"; };
		6967B1721E27B4B800A129E2 /* OOXtblPrReader.h */ = {isa = PBXFileReference; fileEncoding = 4; lastKnownFileType = sourcecode.c.h; path = OOXtblPrReader.h; sourceTree = "<group>"; };
		6967B1731E27B4B800A129E2 /* OOXtcPrReader.h */ = {isa = PBXFileReference; fileEncoding = 4; lastKnownFileType = sourcecode.c.h; path = OOXtcPrReader.h; sourceTree = "<group>"; };
		6967B1741E27B4B800A129E2 /* OOXTextItemReader.h */ = {isa = PBXFileReference; fileEncoding = 4; lastKnownFileType = sourcecode.c.h; path = OOXTextItemReader.h; sourceTree = "<group>"; };
		6967B1751E27B4B800A129E2 /* OOXThemeReader.h */ = {isa = PBXFileReference; fileEncoding = 4; lastKnownFileType = sourcecode.c.h; path = OOXThemeReader.h; sourceTree = "<group>"; };
		6967B1761E27B4B800A129E2 /* OOXtrPrReader.h */ = {isa = PBXFileReference; fileEncoding = 4; lastKnownFileType = sourcecode.c.h; path = OOXtrPrReader.h; sourceTree = "<group>"; };
		6967B1771E27B4B800A129E2 /* RtfBookmark.cpp */ = {isa = PBXFileReference; fileEncoding = 4; lastKnownFileType = sourcecode.cpp.cpp; name = RtfBookmark.cpp; path = ../../source/RtfBookmark.cpp; sourceTree = "<group>"; };
		6967B1781E27B4B800A129E2 /* RtfBookmark.h */ = {isa = PBXFileReference; fileEncoding = 4; lastKnownFileType = sourcecode.c.h; name = RtfBookmark.h; path = ../../source/RtfBookmark.h; sourceTree = "<group>"; };
		6967B1791E27B4B800A129E2 /* RtfChar.cpp */ = {isa = PBXFileReference; fileEncoding = 4; lastKnownFileType = sourcecode.cpp.cpp; name = RtfChar.cpp; path = ../../source/RtfChar.cpp; sourceTree = "<group>"; };
		6967B17A1E27B4B800A129E2 /* RtfChar.h */ = {isa = PBXFileReference; fileEncoding = 4; lastKnownFileType = sourcecode.c.h; name = RtfChar.h; path = ../../source/RtfChar.h; sourceTree = "<group>"; };
		6967B17B1E27B4B800A129E2 /* RtfDefine.h */ = {isa = PBXFileReference; fileEncoding = 4; lastKnownFileType = sourcecode.c.h; name = RtfDefine.h; path = ../../source/RtfDefine.h; sourceTree = "<group>"; };
		6967B17C1E27B4B800A129E2 /* RtfDocument.cpp */ = {isa = PBXFileReference; fileEncoding = 4; lastKnownFileType = sourcecode.cpp.cpp; name = RtfDocument.cpp; path = ../../source/RtfDocument.cpp; sourceTree = "<group>"; };
		6967B17D1E27B4B800A129E2 /* RtfDocument.h */ = {isa = PBXFileReference; fileEncoding = 4; lastKnownFileType = sourcecode.c.h; name = RtfDocument.h; path = ../../source/RtfDocument.h; sourceTree = "<group>"; };
		6967B17E1E27B4B800A129E2 /* RtfErrors.h */ = {isa = PBXFileReference; fileEncoding = 4; lastKnownFileType = sourcecode.c.h; name = RtfErrors.h; path = ../../source/RtfErrors.h; sourceTree = "<group>"; };
		6967B17F1E27B4B800A129E2 /* RtfField.cpp */ = {isa = PBXFileReference; fileEncoding = 4; lastKnownFileType = sourcecode.cpp.cpp; name = RtfField.cpp; path = ../../source/RtfField.cpp; sourceTree = "<group>"; };
		6967B1801E27B4B800A129E2 /* RtfField.h */ = {isa = PBXFileReference; fileEncoding = 4; lastKnownFileType = sourcecode.c.h; name = RtfField.h; path = ../../source/RtfField.h; sourceTree = "<group>"; };
		6967B1811E27B4B800A129E2 /* RtfGlobalTables.cpp */ = {isa = PBXFileReference; fileEncoding = 4; lastKnownFileType = sourcecode.cpp.cpp; name = RtfGlobalTables.cpp; path = ../../source/RtfGlobalTables.cpp; sourceTree = "<group>"; };
		6967B1821E27B4B800A129E2 /* RtfGlobalTables.h */ = {isa = PBXFileReference; fileEncoding = 4; lastKnownFileType = sourcecode.c.h; name = RtfGlobalTables.h; path = ../../source/RtfGlobalTables.h; sourceTree = "<group>"; };
		6967B1831E27B4B800A129E2 /* RtfLex.h */ = {isa = PBXFileReference; fileEncoding = 4; lastKnownFileType = sourcecode.c.h; name = RtfLex.h; path = ../../source/RtfLex.h; sourceTree = "<group>"; };
		6967B1841E27B4B800A129E2 /* RtfMath.cpp */ = {isa = PBXFileReference; fileEncoding = 4; lastKnownFileType = sourcecode.cpp.cpp; name = RtfMath.cpp; path = ../../source/RtfMath.cpp; sourceTree = "<group>"; };
		6967B1851E27B4B800A129E2 /* RtfMath.h */ = {isa = PBXFileReference; fileEncoding = 4; lastKnownFileType = sourcecode.c.h; name = RtfMath.h; path = ../../source/RtfMath.h; sourceTree = "<group>"; };
		6967B1861E27B4B800A129E2 /* RtfOldList.cpp */ = {isa = PBXFileReference; fileEncoding = 4; lastKnownFileType = sourcecode.cpp.cpp; name = RtfOldList.cpp; path = ../../source/RtfOldList.cpp; sourceTree = "<group>"; };
		6967B1871E27B4B800A129E2 /* RtfOle.cpp */ = {isa = PBXFileReference; fileEncoding = 4; lastKnownFileType = sourcecode.cpp.cpp; name = RtfOle.cpp; path = ../../source/RtfOle.cpp; sourceTree = "<group>"; };
		6967B1881E27B4B800A129E2 /* RtfOle.h */ = {isa = PBXFileReference; fileEncoding = 4; lastKnownFileType = sourcecode.c.h; name = RtfOle.h; path = ../../source/RtfOle.h; sourceTree = "<group>"; };
		6967B1891E27B4B800A129E2 /* RtfParagraph.cpp */ = {isa = PBXFileReference; fileEncoding = 4; lastKnownFileType = sourcecode.cpp.cpp; name = RtfParagraph.cpp; path = ../../source/RtfParagraph.cpp; sourceTree = "<group>"; };
		6967B18A1E27B4B800A129E2 /* RtfParagraph.h */ = {isa = PBXFileReference; fileEncoding = 4; lastKnownFileType = sourcecode.c.h; name = RtfParagraph.h; path = ../../source/RtfParagraph.h; sourceTree = "<group>"; };
		6967B18B1E27B4B800A129E2 /* RtfPicture.cpp */ = {isa = PBXFileReference; fileEncoding = 4; lastKnownFileType = sourcecode.cpp.cpp; name = RtfPicture.cpp; path = ../../source/RtfPicture.cpp; sourceTree = "<group>"; };
		6967B18C1E27B4B800A129E2 /* RtfPicture.h */ = {isa = PBXFileReference; fileEncoding = 4; lastKnownFileType = sourcecode.c.h; name = RtfPicture.h; path = ../../source/RtfPicture.h; sourceTree = "<group>"; };
		6967B18D1E27B4B800A129E2 /* RtfProperty.cpp */ = {isa = PBXFileReference; fileEncoding = 4; lastKnownFileType = sourcecode.cpp.cpp; name = RtfProperty.cpp; path = ../../source/RtfProperty.cpp; sourceTree = "<group>"; };
		6967B18E1E27B4B800A129E2 /* RtfProperty.h */ = {isa = PBXFileReference; fileEncoding = 4; lastKnownFileType = sourcecode.c.h; name = RtfProperty.h; path = ../../source/RtfProperty.h; sourceTree = "<group>"; };
		6967B18F1E27B4B800A129E2 /* RtfReader.cpp */ = {isa = PBXFileReference; fileEncoding = 4; lastKnownFileType = sourcecode.cpp.cpp; name = RtfReader.cpp; path = ../../source/RtfReader.cpp; sourceTree = "<group>"; };
		6967B1901E27B4B800A129E2 /* RtfReader.h */ = {isa = PBXFileReference; fileEncoding = 4; lastKnownFileType = sourcecode.c.h; name = RtfReader.h; path = ../../source/RtfReader.h; sourceTree = "<group>"; };
		6967B1911E27B4B800A129E2 /* RtfSection.cpp */ = {isa = PBXFileReference; fileEncoding = 4; lastKnownFileType = sourcecode.cpp.cpp; name = RtfSection.cpp; path = ../../source/RtfSection.cpp; sourceTree = "<group>"; };
		6967B1921E27B4B800A129E2 /* RtfSection.h */ = {isa = PBXFileReference; fileEncoding = 4; lastKnownFileType = sourcecode.c.h; name = RtfSection.h; path = ../../source/RtfSection.h; sourceTree = "<group>"; };
		6967B1931E27B4B800A129E2 /* RtfShape.cpp */ = {isa = PBXFileReference; fileEncoding = 4; lastKnownFileType = sourcecode.cpp.cpp; name = RtfShape.cpp; path = ../../source/RtfShape.cpp; sourceTree = "<group>"; };
		6967B1941E27B4B800A129E2 /* RtfShape.h */ = {isa = PBXFileReference; fileEncoding = 4; lastKnownFileType = sourcecode.c.h; name = RtfShape.h; path = ../../source/RtfShape.h; sourceTree = "<group>"; };
		6967B1951E27B4B800A129E2 /* RtfTable.h */ = {isa = PBXFileReference; fileEncoding = 4; lastKnownFileType = sourcecode.c.h; name = RtfTable.h; path = ../../source/RtfTable.h; sourceTree = "<group>"; };
		6967B1961E27B4B800A129E2 /* RtfTableCell.h */ = {isa = PBXFileReference; fileEncoding = 4; lastKnownFileType = sourcecode.c.h; name = RtfTableCell.h; path = ../../source/RtfTableCell.h; sourceTree = "<group>"; };
		6967B1971E27B4B800A129E2 /* RtfTableRow.h */ = {isa = PBXFileReference; fileEncoding = 4; lastKnownFileType = sourcecode.c.h; name = RtfTableRow.h; path = ../../source/RtfTableRow.h; sourceTree = "<group>"; };
		6967B1981E27B4B800A129E2 /* RtfToken.h */ = {isa = PBXFileReference; fileEncoding = 4; lastKnownFileType = sourcecode.c.h; name = RtfToken.h; path = ../../source/RtfToken.h; sourceTree = "<group>"; };
		6967B1991E27B4B800A129E2 /* RtfWriter.cpp */ = {isa = PBXFileReference; fileEncoding = 4; lastKnownFileType = sourcecode.cpp.cpp; name = RtfWriter.cpp; path = ../../source/RtfWriter.cpp; sourceTree = "<group>"; };
		6967B19A1E27B4B800A129E2 /* RtfWriter.h */ = {isa = PBXFileReference; fileEncoding = 4; lastKnownFileType = sourcecode.c.h; name = RtfWriter.h; path = ../../source/RtfWriter.h; sourceTree = "<group>"; };
		6967B19B1E27B4B800A129E2 /* UniversalConverterUtils.h */ = {isa = PBXFileReference; fileEncoding = 4; lastKnownFileType = sourcecode.c.h; name = UniversalConverterUtils.h; path = ../../source/UniversalConverterUtils.h; sourceTree = "<group>"; };
		6967B19C1E27B4B800A129E2 /* Utils.h */ = {isa = PBXFileReference; fileEncoding = 4; lastKnownFileType = sourcecode.c.h; name = Utils.h; path = ../../source/Utils.h; sourceTree = "<group>"; };
		6967B19E1E27B4B800A129E2 /* OOXContentTypesWriter.h */ = {isa = PBXFileReference; fileEncoding = 4; lastKnownFileType = sourcecode.c.h; path = OOXContentTypesWriter.h; sourceTree = "<group>"; };
		6967B19F1E27B4B800A129E2 /* OOXDocumentWriter.cpp */ = {isa = PBXFileReference; fileEncoding = 4; lastKnownFileType = sourcecode.cpp.cpp; path = OOXDocumentWriter.cpp; sourceTree = "<group>"; };
		6967B1A01E27B4B800A129E2 /* OOXDocumentWriter.h */ = {isa = PBXFileReference; fileEncoding = 4; lastKnownFileType = sourcecode.c.h; path = OOXDocumentWriter.h; sourceTree = "<group>"; };
		6967B1A11E27B4B800A129E2 /* OOXFontTableWriter.h */ = {isa = PBXFileReference; fileEncoding = 4; lastKnownFileType = sourcecode.c.h; path = OOXFontTableWriter.h; sourceTree = "<group>"; };
		6967B1A21E27B4B800A129E2 /* OOXFootnoteWriter.h */ = {isa = PBXFileReference; fileEncoding = 4; lastKnownFileType = sourcecode.c.h; path = OOXFootnoteWriter.h; sourceTree = "<group>"; };
		6967B1A31E27B4B800A129E2 /* OOXNumberingWriter.h */ = {isa = PBXFileReference; fileEncoding = 4; lastKnownFileType = sourcecode.c.h; path = OOXNumberingWriter.h; sourceTree = "<group>"; };
		6967B1A41E27B4B800A129E2 /* OOXRelsWriter.h */ = {isa = PBXFileReference; fileEncoding = 4; lastKnownFileType = sourcecode.c.h; path = OOXRelsWriter.h; sourceTree = "<group>"; };
		6967B1A51E27B4B800A129E2 /* OOXSettingsWriter.h */ = {isa = PBXFileReference; fileEncoding = 4; lastKnownFileType = sourcecode.c.h; path = OOXSettingsWriter.h; sourceTree = "<group>"; };
		6967B1A61E27B4B800A129E2 /* OOXStylesWriter.h */ = {isa = PBXFileReference; fileEncoding = 4; lastKnownFileType = sourcecode.c.h; path = OOXStylesWriter.h; sourceTree = "<group>"; };
		6967B1A71E27B4B800A129E2 /* OOXThemeWriter.h */ = {isa = PBXFileReference; fileEncoding = 4; lastKnownFileType = sourcecode.c.h; path = OOXThemeWriter.h; sourceTree = "<group>"; };
		6967B1A81E27B4B800A129E2 /* OOXWriter.cpp */ = {isa = PBXFileReference; fileEncoding = 4; lastKnownFileType = sourcecode.cpp.cpp; path = OOXWriter.cpp; sourceTree = "<group>"; };
		6967B1A91E27B4B800A129E2 /* OOXWriter.h */ = {isa = PBXFileReference; fileEncoding = 4; lastKnownFileType = sourcecode.c.h; path = OOXWriter.h; sourceTree = "<group>"; };
		6967B1C61E27B81B00A129E2 /* StringBuilder.h */ = {isa = PBXFileReference; fileEncoding = 4; lastKnownFileType = sourcecode.c.h; name = StringBuilder.h; path = ../../../../DesktopEditor/common/StringBuilder.h; sourceTree = "<group>"; };
		6967B1C71E27B89400A129E2 /* PPTShape.h */ = {isa = PBXFileReference; fileEncoding = 4; lastKnownFileType = sourcecode.c.h; name = PPTShape.h; path = ../../../../ASCOfficePPTXFile/Editor/Drawing/Shapes/BaseShape/PPTShape/PPTShape.h; sourceTree = "<group>"; };
		6967B1C81E27B8F900A129E2 /* BaseShape.h */ = {isa = PBXFileReference; fileEncoding = 4; lastKnownFileType = sourcecode.c.h; name = BaseShape.h; path = ../../../../ASCOfficePPTXFile/Editor/Drawing/Shapes/BaseShape/BaseShape.h; sourceTree = "<group>"; };
		69ACB6D11E7A983400096E94 /* svg_parser.cpp */ = {isa = PBXFileReference; fileEncoding = 4; lastKnownFileType = sourcecode.cpp.cpp; name = svg_parser.cpp; path = ../../../../ASCOfficeOdfFile/src/odf/svg_parser.cpp; sourceTree = "<group>"; };
		69ACB6D21E7A983400096E94 /* svg_parser.h */ = {isa = PBXFileReference; fileEncoding = 4; lastKnownFileType = sourcecode.c.h; name = svg_parser.h; path = ../../../../ASCOfficeOdfFile/src/odf/svg_parser.h; sourceTree = "<group>"; };
		8A404FBD2089FE2C00F2D5CF /* StringBuilder.cpp */ = {isa = PBXFileReference; fileEncoding = 4; lastKnownFileType = sourcecode.cpp.cpp; name = StringBuilder.cpp; path = ../../../../DesktopEditor/common/StringBuilder.cpp; sourceTree = "<group>"; };
/* End PBXFileReference section */

/* Begin PBXFrameworksBuildPhase section */
		6967B1261E27B44D00A129E2 /* Frameworks */ = {
			isa = PBXFrameworksBuildPhase;
			buildActionMask = 2147483647;
			files = (
			);
			runOnlyForDeploymentPostprocessing = 0;
		};
/* End PBXFrameworksBuildPhase section */

/* Begin PBXGroup section */
		6967B1201E27B44D00A129E2 = {
			isa = PBXGroup;
			children = (
				6967B12B1E27B44D00A129E2 /* RtfFormatLib */,
				6967B12A1E27B44D00A129E2 /* Products */,
			);
			sourceTree = "<group>";
		};
		6967B12A1E27B44D00A129E2 /* Products */ = {
			isa = PBXGroup;
			children = (
				6967B1291E27B44D00A129E2 /* libRtfFormatLib.a */,
			);
			name = Products;
			sourceTree = "<group>";
		};
		6967B12B1E27B44D00A129E2 /* RtfFormatLib */ = {
			isa = PBXGroup;
			children = (
				6967B1C51E27B80D00A129E2 /* common */,
				6967B1C41E27B7FD00A129E2 /* source */,
			);
			path = RtfFormatLib;
			sourceTree = "<group>";
		};
		6967B13D1E27B4B800A129E2 /* Reader */ = {
			isa = PBXGroup;
			children = (
				69ACB6D01E7A982B00096E94 /* odf */,
				6967B13E1E27B4B800A129E2 /* OOXAbstractNumReader.h */,
				6967B13F1E27B4B800A129E2 /* OOXAppReader.h */,
				6967B1401E27B4B800A129E2 /* OOXBorderReader.h */,
				6967B1411E27B4B800A129E2 /* OOXcnfStyleReader.h */,
				6967B1421E27B4B800A129E2 /* OOXColorReader.h */,
				6967B1431E27B4B800A129E2 /* OOXColorReader2.h */,
				6967B1441E27B4B800A129E2 /* OOXColorSchemeReader.h */,
				6967B1451E27B4B800A129E2 /* OOXContentTypeReader.h */,
				6967B1461E27B4B800A129E2 /* OOXCoreReader.h */,
				6967B1471E27B4B800A129E2 /* OOXDocDefaultsReader.h */,
				6967B1481E27B4B800A129E2 /* OOXDocumentReader.h */,
				6967B1491E27B4B800A129E2 /* OOXDrawingGraphicReader.cpp */,
				6967B14A1E27B4B800A129E2 /* OOXFontReader.h */,
				6967B14B1E27B4B800A129E2 /* OOXFontSchemeReader.h */,
				6967B14C1E27B4B800A129E2 /* OOXFontTableReader.h */,
				6967B14D1E27B4B800A129E2 /* OOXFootnotesReader.h */,
				6967B14E1E27B4B800A129E2 /* OOXHeaderReader.cpp */,
				6967B14F1E27B4B800A129E2 /* OOXHeaderReader.h */,
				6967B1501E27B4B800A129E2 /* OOXLatentStyleReader.h */,
				6967B1511E27B4B800A129E2 /* OOXLevelReader.h */,
				6967B1521E27B4B800A129E2 /* OOXMathReader.cpp */,
				6967B1531E27B4B800A129E2 /* OOXMathReader.h */,
				6967B1541E27B4B800A129E2 /* OOXNumberingMapReader.h */,
				6967B1551E27B4B800A129E2 /* OOXNumberingReader.h */,
				6967B1561E27B4B800A129E2 /* OOXParagraphElementReaders.cpp */,
				6967B1571E27B4B800A129E2 /* OOXParagraphReader.h */,
				6967B1581E27B4B800A129E2 /* OOXPictureAnchorReader.h */,
				6967B15A1E27B4B800A129E2 /* OOXPictureInlineReader.h */,
				6967B15B1E27B4B800A129E2 /* OOXPictureReader.h */,
				6967B15C1E27B4B800A129E2 /* OOXpPrFrameReader.h */,
				6967B15D1E27B4B800A129E2 /* OOXpPrReader.h */,
				6967B15E1E27B4B800A129E2 /* OOXpPrTabReader.h */,
				6967B15F1E27B4B800A129E2 /* OOXReader.cpp */,
				6967B1601E27B4B800A129E2 /* OOXReader.h */,
				6967B1611E27B4B800A129E2 /* OOXReaderBasic.h */,
				6967B1621E27B4B800A129E2 /* OOXRelsReader.h */,
				6967B1631E27B4B800A129E2 /* OOXrPrReader.h */,
				6967B1641E27B4B800A129E2 /* OOXRunReader.h */,
				6967B1651E27B4B800A129E2 /* OOXSectionPropertyReader.h */,
				6967B1661E27B4B800A129E2 /* OOXSettingsReader.h */,
				6967B1671E27B4B800A129E2 /* OOXShadingReader.h */,
				6967B1681E27B4B800A129E2 /* OOXShapeReader.cpp */,
				6967B1691E27B4B800A129E2 /* OOXShapeReader.h */,
				6967B16A1E27B4B800A129E2 /* OOXStyleReader.h */,
				6967B16B1E27B4B800A129E2 /* OOXStyleTableReader.h */,
				6967B16C1E27B4B800A129E2 /* OOXTableCellReader.h */,
				6967B16D1E27B4B800A129E2 /* OOXTableReader.cpp */,
				6967B16E1E27B4B800A129E2 /* OOXTableReader.h */,
				6967B16F1E27B4B800A129E2 /* OOXTableRowReader.h */,
				6967B1701E27B4B800A129E2 /* OOXtblLookReader.h */,
				6967B1711E27B4B800A129E2 /* OOXtblpPrReader.h */,
				6967B1721E27B4B800A129E2 /* OOXtblPrReader.h */,
				6967B1731E27B4B800A129E2 /* OOXtcPrReader.h */,
				6967B1741E27B4B800A129E2 /* OOXTextItemReader.h */,
				6967B1751E27B4B800A129E2 /* OOXThemeReader.h */,
				6967B1761E27B4B800A129E2 /* OOXtrPrReader.h */,
			);
			name = Reader;
			path = ../../source/Reader;
			sourceTree = "<group>";
		};
		6967B19D1E27B4B800A129E2 /* Writer */ = {
			isa = PBXGroup;
			children = (
				6967B19E1E27B4B800A129E2 /* OOXContentTypesWriter.h */,
				6967B19F1E27B4B800A129E2 /* OOXDocumentWriter.cpp */,
				6967B1A01E27B4B800A129E2 /* OOXDocumentWriter.h */,
				6967B1A11E27B4B800A129E2 /* OOXFontTableWriter.h */,
				6967B1A21E27B4B800A129E2 /* OOXFootnoteWriter.h */,
				6967B1A31E27B4B800A129E2 /* OOXNumberingWriter.h */,
				6967B1A41E27B4B800A129E2 /* OOXRelsWriter.h */,
				6967B1A51E27B4B800A129E2 /* OOXSettingsWriter.h */,
				6967B1A61E27B4B800A129E2 /* OOXStylesWriter.h */,
				6967B1A71E27B4B800A129E2 /* OOXThemeWriter.h */,
				6967B1A81E27B4B800A129E2 /* OOXWriter.cpp */,
				6967B1A91E27B4B800A129E2 /* OOXWriter.h */,
			);
			name = Writer;
			path = ../../source/Writer;
			sourceTree = "<group>";
		};
		6967B1C41E27B7FD00A129E2 /* source */ = {
			isa = PBXGroup;
			children = (
				6967B1351E27B4B800A129E2 /* Basic.h */,
				6967B1361E27B4B800A129E2 /* ConvertationManager.cpp */,
				6967B1371E27B4B800A129E2 /* ConvertationManager.h */,
				6967B1381E27B4B800A129E2 /* DestinationCommand.cpp */,
				6967B1391E27B4B800A129E2 /* DestinationCommand.h */,
				6967B13A1E27B4B800A129E2 /* IdGenerator.h */,
				6967B13B1E27B4B800A129E2 /* Ole1FormatReader.h */,
				6967B13C1E27B4B800A129E2 /* OOXColorTable.h */,
				6967B13D1E27B4B800A129E2 /* Reader */,
				6967B1771E27B4B800A129E2 /* RtfBookmark.cpp */,
				6967B1781E27B4B800A129E2 /* RtfBookmark.h */,
				6967B1791E27B4B800A129E2 /* RtfChar.cpp */,
				6967B17A1E27B4B800A129E2 /* RtfChar.h */,
				6967B17B1E27B4B800A129E2 /* RtfDefine.h */,
				6967B17C1E27B4B800A129E2 /* RtfDocument.cpp */,
				6967B17D1E27B4B800A129E2 /* RtfDocument.h */,
				6967B17E1E27B4B800A129E2 /* RtfErrors.h */,
				6967B17F1E27B4B800A129E2 /* RtfField.cpp */,
				6967B1801E27B4B800A129E2 /* RtfField.h */,
				6967B1811E27B4B800A129E2 /* RtfGlobalTables.cpp */,
				6967B1821E27B4B800A129E2 /* RtfGlobalTables.h */,
				6967B1831E27B4B800A129E2 /* RtfLex.h */,
				6967B1841E27B4B800A129E2 /* RtfMath.cpp */,
				6967B1851E27B4B800A129E2 /* RtfMath.h */,
				6967B1861E27B4B800A129E2 /* RtfOldList.cpp */,
				6967B1871E27B4B800A129E2 /* RtfOle.cpp */,
				6967B1881E27B4B800A129E2 /* RtfOle.h */,
				6967B1891E27B4B800A129E2 /* RtfParagraph.cpp */,
				6967B18A1E27B4B800A129E2 /* RtfParagraph.h */,
				6967B18B1E27B4B800A129E2 /* RtfPicture.cpp */,
				6967B18C1E27B4B800A129E2 /* RtfPicture.h */,
				6967B18D1E27B4B800A129E2 /* RtfProperty.cpp */,
				6967B18E1E27B4B800A129E2 /* RtfProperty.h */,
				6967B18F1E27B4B800A129E2 /* RtfReader.cpp */,
				6967B1901E27B4B800A129E2 /* RtfReader.h */,
				6967B1911E27B4B800A129E2 /* RtfSection.cpp */,
				6967B1921E27B4B800A129E2 /* RtfSection.h */,
				6967B1931E27B4B800A129E2 /* RtfShape.cpp */,
				6967B1941E27B4B800A129E2 /* RtfShape.h */,
				6967B1951E27B4B800A129E2 /* RtfTable.h */,
				6967B1961E27B4B800A129E2 /* RtfTableCell.h */,
				6967B1971E27B4B800A129E2 /* RtfTableRow.h */,
				6967B1981E27B4B800A129E2 /* RtfToken.h */,
				6967B1991E27B4B800A129E2 /* RtfWriter.cpp */,
				6967B19A1E27B4B800A129E2 /* RtfWriter.h */,
				8A404FBD2089FE2C00F2D5CF /* StringBuilder.cpp */,
				6967B19B1E27B4B800A129E2 /* UniversalConverterUtils.h */,
				6967B19C1E27B4B800A129E2 /* Utils.h */,
				6967B19D1E27B4B800A129E2 /* Writer */,
			);
			name = source;
			sourceTree = "<group>";
		};
		6967B1C51E27B80D00A129E2 /* common */ = {
			isa = PBXGroup;
			children = (
				6967B1C61E27B81B00A129E2 /* StringBuilder.h */,
				6967B1C71E27B89400A129E2 /* PPTShape.h */,
				6967B1C81E27B8F900A129E2 /* BaseShape.h */,
			);
			name = common;
			sourceTree = "<group>";
		};
		69ACB6D01E7A982B00096E94 /* odf */ = {
			isa = PBXGroup;
			children = (
				69ACB6D11E7A983400096E94 /* svg_parser.cpp */,
				69ACB6D21E7A983400096E94 /* svg_parser.h */,
			);
			name = odf;
			sourceTree = "<group>";
		};
/* End PBXGroup section */

/* Begin PBXNativeTarget section */
		6967B1281E27B44D00A129E2 /* RtfFormatLib */ = {
			isa = PBXNativeTarget;
			buildConfigurationList = 6967B1321E27B44D00A129E2 /* Build configuration list for PBXNativeTarget "RtfFormatLib" */;
			buildPhases = (
				6967B1251E27B44D00A129E2 /* Sources */,
				6967B1261E27B44D00A129E2 /* Frameworks */,
				6967B1271E27B44D00A129E2 /* CopyFiles */,
			);
			buildRules = (
			);
			dependencies = (
			);
			name = RtfFormatLib;
			productName = RtfFormatLib;
			productReference = 6967B1291E27B44D00A129E2 /* libRtfFormatLib.a */;
			productType = "com.apple.product-type.library.static";
		};
/* End PBXNativeTarget section */

/* Begin PBXProject section */
		6967B1211E27B44D00A129E2 /* Project object */ = {
			isa = PBXProject;
			attributes = {
				LastUpgradeCheck = 0930;
				ORGANIZATIONNAME = OnlyOffce;
				TargetAttributes = {
					6967B1281E27B44D00A129E2 = {
						CreatedOnToolsVersion = 8.2;
						DevelopmentTeam = 2WH24U26GJ;
						ProvisioningStyle = Automatic;
					};
				};
			};
			buildConfigurationList = 6967B1241E27B44D00A129E2 /* Build configuration list for PBXProject "RtfFormatLib" */;
			compatibilityVersion = "Xcode 3.2";
			developmentRegion = English;
			hasScannedForEncodings = 0;
			knownRegions = (
				en,
			);
			mainGroup = 6967B1201E27B44D00A129E2;
			productRefGroup = 6967B12A1E27B44D00A129E2 /* Products */;
			projectDirPath = "";
			projectRoot = "";
			targets = (
				6967B1281E27B44D00A129E2 /* RtfFormatLib */,
			);
		};
/* End PBXProject section */

/* Begin PBXSourcesBuildPhase section */
		6967B1251E27B44D00A129E2 /* Sources */ = {
			isa = PBXSourcesBuildPhase;
			buildActionMask = 2147483647;
			files = (
				6967B1B01E27B4B800A129E2 /* OOXReader.cpp in Sources */,
				6967B1AB1E27B4B800A129E2 /* DestinationCommand.cpp in Sources */,
				6967B1C21E27B4B800A129E2 /* OOXDocumentWriter.cpp in Sources */,
				6967B1B61E27B4B800A129E2 /* RtfField.cpp in Sources */,
				6967B1BB1E27B4B800A129E2 /* RtfParagraph.cpp in Sources */,
				6967B1AC1E27B4B800A129E2 /* OOXDrawingGraphicReader.cpp in Sources */,
				69ACB6D31E7A983400096E94 /* svg_parser.cpp in Sources */,
				6967B1AD1E27B4B800A129E2 /* OOXHeaderReader.cpp in Sources */,
				6967B1B31E27B4B800A129E2 /* RtfBookmark.cpp in Sources */,
				6967B1C11E27B4B800A129E2 /* RtfWriter.cpp in Sources */,
				6967B1B91E27B4B800A129E2 /* RtfOldList.cpp in Sources */,
				6967B1BF1E27B4B800A129E2 /* RtfSection.cpp in Sources */,
				8A404FBE2089FE2D00F2D5CF /* StringBuilder.cpp in Sources */,
				6967B1B71E27B4B800A129E2 /* RtfGlobalTables.cpp in Sources */,
				6967B1BC1E27B4B800A129E2 /* RtfPicture.cpp in Sources */,
				6967B1AE1E27B4B800A129E2 /* OOXMathReader.cpp in Sources */,
				6967B1C01E27B4B800A129E2 /* RtfShape.cpp in Sources */,
				6967B1B11E27B4B800A129E2 /* OOXShapeReader.cpp in Sources */,
				6967B1B41E27B4B800A129E2 /* RtfChar.cpp in Sources */,
				6967B1BD1E27B4B800A129E2 /* RtfProperty.cpp in Sources */,
				6967B1AA1E27B4B800A129E2 /* ConvertationManager.cpp in Sources */,
				6967B1B81E27B4B800A129E2 /* RtfMath.cpp in Sources */,
				6967B1B21E27B4B800A129E2 /* OOXTableReader.cpp in Sources */,
				6967B1C31E27B4B800A129E2 /* OOXWriter.cpp in Sources */,
				6967B1BA1E27B4B800A129E2 /* RtfOle.cpp in Sources */,
				6967B1AF1E27B4B800A129E2 /* OOXParagraphElementReaders.cpp in Sources */,
				6967B1BE1E27B4B800A129E2 /* RtfReader.cpp in Sources */,
				6967B1B51E27B4B800A129E2 /* RtfDocument.cpp in Sources */,
			);
			runOnlyForDeploymentPostprocessing = 0;
		};
/* End PBXSourcesBuildPhase section */

/* Begin XCBuildConfiguration section */
		6967B1301E27B44D00A129E2 /* Debug */ = {
			isa = XCBuildConfiguration;
			buildSettings = {
				ALWAYS_SEARCH_USER_PATHS = NO;
				CLANG_ANALYZER_NONNULL = YES;
				CLANG_CXX_LANGUAGE_STANDARD = "gnu++0x";
				CLANG_CXX_LIBRARY = "libc++";
				CLANG_ENABLE_MODULES = YES;
				CLANG_ENABLE_OBJC_ARC = YES;
				CLANG_WARN_BLOCK_CAPTURE_AUTORELEASING = YES;
				CLANG_WARN_BOOL_CONVERSION = YES;
				CLANG_WARN_COMMA = YES;
				CLANG_WARN_CONSTANT_CONVERSION = YES;
				CLANG_WARN_DEPRECATED_OBJC_IMPLEMENTATIONS = YES;
				CLANG_WARN_DIRECT_OBJC_ISA_USAGE = YES_ERROR;
				CLANG_WARN_DOCUMENTATION_COMMENTS = YES;
				CLANG_WARN_EMPTY_BODY = YES;
				CLANG_WARN_ENUM_CONVERSION = YES;
				CLANG_WARN_INFINITE_RECURSION = YES;
				CLANG_WARN_INT_CONVERSION = YES;
				CLANG_WARN_NON_LITERAL_NULL_CONVERSION = YES;
				CLANG_WARN_OBJC_IMPLICIT_RETAIN_SELF = YES;
				CLANG_WARN_OBJC_LITERAL_CONVERSION = YES;
				CLANG_WARN_OBJC_ROOT_CLASS = YES_ERROR;
				CLANG_WARN_RANGE_LOOP_ANALYSIS = YES;
				CLANG_WARN_STRICT_PROTOTYPES = YES;
				CLANG_WARN_SUSPICIOUS_MOVE = YES;
				CLANG_WARN_UNREACHABLE_CODE = YES;
				CLANG_WARN__DUPLICATE_METHOD_MATCH = YES;
				"CODE_SIGN_IDENTITY[sdk=iphoneos*]" = "iPhone Developer";
				COPY_PHASE_STRIP = NO;
				DEBUG_INFORMATION_FORMAT = dwarf;
				ENABLE_STRICT_OBJC_MSGSEND = YES;
				ENABLE_TESTABILITY = YES;
				GCC_C_LANGUAGE_STANDARD = gnu99;
				GCC_DYNAMIC_NO_PIC = NO;
				GCC_NO_COMMON_BLOCKS = YES;
				GCC_OPTIMIZATION_LEVEL = 0;
				GCC_PREPROCESSOR_DEFINITIONS = (
					"DEBUG=1",
					"$(inherited)",
				);
				GCC_WARN_64_TO_32_BIT_CONVERSION = YES;
				GCC_WARN_ABOUT_RETURN_TYPE = YES_ERROR;
				GCC_WARN_UNDECLARED_SELECTOR = YES;
				GCC_WARN_UNINITIALIZED_AUTOS = YES_AGGRESSIVE;
				GCC_WARN_UNUSED_FUNCTION = YES;
				GCC_WARN_UNUSED_VARIABLE = YES;
				IPHONEOS_DEPLOYMENT_TARGET = 10.0;
				MTL_ENABLE_DEBUG_INFO = YES;
				ONLY_ACTIVE_ARCH = YES;
				SDKROOT = iphoneos;
			};
			name = Debug;
		};
		6967B1311E27B44D00A129E2 /* Release */ = {
			isa = XCBuildConfiguration;
			buildSettings = {
				ALWAYS_SEARCH_USER_PATHS = NO;
				CLANG_ANALYZER_NONNULL = YES;
				CLANG_CXX_LANGUAGE_STANDARD = "gnu++0x";
				CLANG_CXX_LIBRARY = "libc++";
				CLANG_ENABLE_MODULES = YES;
				CLANG_ENABLE_OBJC_ARC = YES;
				CLANG_WARN_BLOCK_CAPTURE_AUTORELEASING = YES;
				CLANG_WARN_BOOL_CONVERSION = YES;
				CLANG_WARN_COMMA = YES;
				CLANG_WARN_CONSTANT_CONVERSION = YES;
				CLANG_WARN_DEPRECATED_OBJC_IMPLEMENTATIONS = YES;
				CLANG_WARN_DIRECT_OBJC_ISA_USAGE = YES_ERROR;
				CLANG_WARN_DOCUMENTATION_COMMENTS = YES;
				CLANG_WARN_EMPTY_BODY = YES;
				CLANG_WARN_ENUM_CONVERSION = YES;
				CLANG_WARN_INFINITE_RECURSION = YES;
				CLANG_WARN_INT_CONVERSION = YES;
				CLANG_WARN_NON_LITERAL_NULL_CONVERSION = YES;
				CLANG_WARN_OBJC_IMPLICIT_RETAIN_SELF = YES;
				CLANG_WARN_OBJC_LITERAL_CONVERSION = YES;
				CLANG_WARN_OBJC_ROOT_CLASS = YES_ERROR;
				CLANG_WARN_RANGE_LOOP_ANALYSIS = YES;
				CLANG_WARN_STRICT_PROTOTYPES = YES;
				CLANG_WARN_SUSPICIOUS_MOVE = YES;
				CLANG_WARN_UNREACHABLE_CODE = YES;
				CLANG_WARN__DUPLICATE_METHOD_MATCH = YES;
				"CODE_SIGN_IDENTITY[sdk=iphoneos*]" = "iPhone Developer";
				COPY_PHASE_STRIP = NO;
				DEBUG_INFORMATION_FORMAT = "dwarf-with-dsym";
				ENABLE_NS_ASSERTIONS = NO;
				ENABLE_STRICT_OBJC_MSGSEND = YES;
				GCC_C_LANGUAGE_STANDARD = gnu99;
				GCC_NO_COMMON_BLOCKS = YES;
				GCC_WARN_64_TO_32_BIT_CONVERSION = YES;
				GCC_WARN_ABOUT_RETURN_TYPE = YES_ERROR;
				GCC_WARN_UNDECLARED_SELECTOR = YES;
				GCC_WARN_UNINITIALIZED_AUTOS = YES_AGGRESSIVE;
				GCC_WARN_UNUSED_FUNCTION = YES;
				GCC_WARN_UNUSED_VARIABLE = YES;
				IPHONEOS_DEPLOYMENT_TARGET = 10.0;
				MTL_ENABLE_DEBUG_INFO = NO;
				SDKROOT = iphoneos;
				VALIDATE_PRODUCT = YES;
			};
			name = Release;
		};
		6967B1331E27B44D00A129E2 /* Debug */ = {
			isa = XCBuildConfiguration;
			buildSettings = {
				DEVELOPMENT_TEAM = 2WH24U26GJ;
				GCC_PREPROCESSOR_DEFINITIONS = (
					UNICODE,
					_UNICODE,
					DONT_WRITE_EMBEDDED_FONTS,
					AVS_USE_CONVERT_PPTX_TOCUSTOM_VML,
					_IOS,
				);
				HEADER_SEARCH_PATHS = (
					"$(inherited)",
					/Applications/Xcode.app/Contents/Developer/Toolchains/XcodeDefault.xctoolchain/usr/include,
					/usr/include/libxml2,
					"$(PROJECT_DIR)/../../../Common/3dParty/boost/boost_1_58_0",
					"$(PROJECT_DIR)/../../../DesktopEditor",
					"$(PROJECT_DIR)/../../../DesktopEditor/freetype-2.5.2/include",
					"$(PROJECT_DIR)/../../../DesktopEditor/freetype-2.5.2/devel",
				);
				IPHONEOS_DEPLOYMENT_TARGET = 10.0;
				OTHER_LDFLAGS = "-ObjC";
				PRODUCT_NAME = "$(TARGET_NAME)";
				SKIP_INSTALL = YES;
			};
			name = Debug;
		};
		6967B1341E27B44D00A129E2 /* Release */ = {
			isa = XCBuildConfiguration;
			buildSettings = {
				DEVELOPMENT_TEAM = 2WH24U26GJ;
				GCC_PREPROCESSOR_DEFINITIONS = (
					UNICODE,
					_UNICODE,
					DONT_WRITE_EMBEDDED_FONTS,
					AVS_USE_CONVERT_PPTX_TOCUSTOM_VML,
					_IOS,
				);
				HEADER_SEARCH_PATHS = (
					"$(inherited)",
					/Applications/Xcode.app/Contents/Developer/Toolchains/XcodeDefault.xctoolchain/usr/include,
					/usr/include/libxml2,
					"$(PROJECT_DIR)/../../../Common/3dParty/boost/boost_1_58_0",
					"$(PROJECT_DIR)/../../../DesktopEditor",
					"$(PROJECT_DIR)/../../../DesktopEditor/freetype-2.5.2/include",
					"$(PROJECT_DIR)/../../../DesktopEditor/freetype-2.5.2/devel",
				);
				IPHONEOS_DEPLOYMENT_TARGET = 10.0;
				OTHER_LDFLAGS = "-ObjC";
				PRODUCT_NAME = "$(TARGET_NAME)";
				SKIP_INSTALL = YES;
			};
			name = Release;
		};
/* End XCBuildConfiguration section */

/* Begin XCConfigurationList section */
		6967B1241E27B44D00A129E2 /* Build configuration list for PBXProject "RtfFormatLib" */ = {
			isa = XCConfigurationList;
			buildConfigurations = (
				6967B1301E27B44D00A129E2 /* Debug */,
				6967B1311E27B44D00A129E2 /* Release */,
			);
			defaultConfigurationIsVisible = 0;
			defaultConfigurationName = Release;
		};
		6967B1321E27B44D00A129E2 /* Build configuration list for PBXNativeTarget "RtfFormatLib" */ = {
			isa = XCConfigurationList;
			buildConfigurations = (
				6967B1331E27B44D00A129E2 /* Debug */,
				6967B1341E27B44D00A129E2 /* Release */,
			);
			defaultConfigurationIsVisible = 0;
			defaultConfigurationName = Release;
		};
/* End XCConfigurationList section */
	};
	rootObject = 6967B1211E27B44D00A129E2 /* Project object */;
}
