// !$*UTF8*$!
{
	archiveVersion = 1;
	classes = {
	};
	objectVersion = 46;
	objects = {

/* Begin PBXBuildFile section */
		17C100931ACC4D64006B99B3 /* jpc_t2enc.c in Sources */ = {isa = PBXBuildFile; fileRef = 175CBE311AC93C9B007D7DEC /* jpc_t2enc.c */; };
		17C100941ACC4D64006B99B3 /* jas_stream.c in Sources */ = {isa = PBXBuildFile; fileRef = 175CBDC41AC93C86007D7DEC /* jas_stream.c */; };
		17C100951ACC4D64006B99B3 /* ras_enc.c in Sources */ = {isa = PBXBuildFile; fileRef = 175CBDF61AC93C95007D7DEC /* ras_enc.c */; };
		17C100961ACC4D64006B99B3 /* jas_version.c in Sources */ = {isa = PBXBuildFile; fileRef = 175CBDC81AC93C86007D7DEC /* jas_version.c */; };
		17C100971ACC4D64006B99B3 /* jpc_mqcod.c in Sources */ = {isa = PBXBuildFile; fileRef = 175CBE1F1AC93C9B007D7DEC /* jpc_mqcod.c */; };
		17C100981ACC4D64006B99B3 /* pnm_enc.c in Sources */ = {isa = PBXBuildFile; fileRef = 175CBDF01AC93C95007D7DEC /* pnm_enc.c */; };
		17C100991ACC4D64006B99B3 /* jas_debug.c in Sources */ = {isa = PBXBuildFile; fileRef = 175CBDBC1AC93C86007D7DEC /* jas_debug.c */; };
		17C1009A1ACC4D64006B99B3 /* pnm_dec.c in Sources */ = {isa = PBXBuildFile; fileRef = 175CBDEF1AC93C95007D7DEC /* pnm_dec.c */; };
		17C1009B1ACC4D64006B99B3 /* jpc_mct.c in Sources */ = {isa = PBXBuildFile; fileRef = 175CBE1D1AC93C9B007D7DEC /* jpc_mct.c */; };
		17C1009C1ACC4D64006B99B3 /* jpc_t2cod.c in Sources */ = {isa = PBXBuildFile; fileRef = 175CBE2D1AC93C9B007D7DEC /* jpc_t2cod.c */; };
		17C1009D1ACC4D64006B99B3 /* jas_cm.c in Sources */ = {isa = PBXBuildFile; fileRef = 175CBDBB1AC93C86007D7DEC /* jas_cm.c */; };
		17C1009E1ACC4D64006B99B3 /* bmp_dec.c in Sources */ = {isa = PBXBuildFile; fileRef = 175CBDCC1AC93C86007D7DEC /* bmp_dec.c */; };
		17C1009F1ACC4D64006B99B3 /* jp2_dec.c in Sources */ = {isa = PBXBuildFile; fileRef = 175CBE0C1AC93C9B007D7DEC /* jp2_dec.c */; };
		17C100A01ACC4D64006B99B3 /* jpc_t1enc.c in Sources */ = {isa = PBXBuildFile; fileRef = 175CBE2B1AC93C9B007D7DEC /* jpc_t1enc.c */; };
		17C100A11ACC4D64006B99B3 /* jpc_bs.c in Sources */ = {isa = PBXBuildFile; fileRef = 175CBE101AC93C9B007D7DEC /* jpc_bs.c */; };
		17C100A21ACC4D64006B99B3 /* jas_tvp.c in Sources */ = {isa = PBXBuildFile; fileRef = 175CBDC71AC93C86007D7DEC /* jas_tvp.c */; };
		17C100A31ACC4D64006B99B3 /* jpc_cs.c in Sources */ = {isa = PBXBuildFile; fileRef = 175CBE131AC93C9B007D7DEC /* jpc_cs.c */; };
		17C100A41ACC4D64006B99B3 /* bmp_cod.c in Sources */ = {isa = PBXBuildFile; fileRef = 175CBDCA1AC93C86007D7DEC /* bmp_cod.c */; };
		17C100A51ACC4D64006B99B3 /* jas_malloc.c in Sources */ = {isa = PBXBuildFile; fileRef = 175CBDC21AC93C86007D7DEC /* jas_malloc.c */; };
		17C100A61ACC4D64006B99B3 /* jas_init.c in Sources */ = {isa = PBXBuildFile; fileRef = 175CBDC11AC93C86007D7DEC /* jas_init.c */; };
		17C100A71ACC4D64006B99B3 /* jas_image.c in Sources */ = {isa = PBXBuildFile; fileRef = 175CBDC01AC93C86007D7DEC /* jas_image.c */; };
		17C100A81ACC4D64006B99B3 /* jas_tmr.c in Sources */ = {isa = PBXBuildFile; fileRef = 175CBDC61AC93C86007D7DEC /* jas_tmr.c */; };
		17C100A91ACC4D64006B99B3 /* jpg_val.c in Sources */ = {isa = PBXBuildFile; fileRef = 175CBE401AC93C9B007D7DEC /* jpg_val.c */; };
		17C100AA1ACC4D64006B99B3 /* jpc_tsfb.c in Sources */ = {isa = PBXBuildFile; fileRef = 175CBE351AC93C9B007D7DEC /* jpc_tsfb.c */; };
		17C100AB1ACC4D64006B99B3 /* jp2_enc.c in Sources */ = {isa = PBXBuildFile; fileRef = 175CBE0E1AC93C9B007D7DEC /* jp2_enc.c */; };
		17C100AC1ACC4D64006B99B3 /* jpc_dec.c in Sources */ = {isa = PBXBuildFile; fileRef = 175CBE151AC93C9B007D7DEC /* jpc_dec.c */; };
		17C100AD1ACC4D64006B99B3 /* jpc_t1cod.c in Sources */ = {isa = PBXBuildFile; fileRef = 175CBE271AC93C9B007D7DEC /* jpc_t1cod.c */; };
		17C100AE1ACC4D64006B99B3 /* mif_cod.c in Sources */ = {isa = PBXBuildFile; fileRef = 175CBDE31AC93C95007D7DEC /* mif_cod.c */; };
		17C100AF1ACC4D64006B99B3 /* jpc_t1dec.c in Sources */ = {isa = PBXBuildFile; fileRef = 175CBE291AC93C9B007D7DEC /* jpc_t1dec.c */; };
		17C100B01ACC4D64006B99B3 /* jpc_util.c in Sources */ = {isa = PBXBuildFile; fileRef = 175CBE371AC93C9B007D7DEC /* jpc_util.c */; };
		17C100B11ACC4D64006B99B3 /* jp2_cod.c in Sources */ = {isa = PBXBuildFile; fileRef = 175CBE0A1AC93C9B007D7DEC /* jp2_cod.c */; };
		17C100B21ACC4D64006B99B3 /* pnm_cod.c in Sources */ = {isa = PBXBuildFile; fileRef = 175CBDED1AC93C95007D7DEC /* pnm_cod.c */; };
		17C100B31ACC4D64006B99B3 /* pgx_dec.c in Sources */ = {isa = PBXBuildFile; fileRef = 175CBDE91AC93C95007D7DEC /* pgx_dec.c */; };
		17C100B41ACC4D64006B99B3 /* jas_string.c in Sources */ = {isa = PBXBuildFile; fileRef = 175CBDC51AC93C86007D7DEC /* jas_string.c */; };
		17C100B51ACC4D64006B99B3 /* pgx_cod.c in Sources */ = {isa = PBXBuildFile; fileRef = 175CBDE71AC93C95007D7DEC /* pgx_cod.c */; };
		17C100B61ACC4D64006B99B3 /* jas_iccdata.c in Sources */ = {isa = PBXBuildFile; fileRef = 175CBDBF1AC93C86007D7DEC /* jas_iccdata.c */; };
		17C100B71ACC4D64006B99B3 /* jpc_mqdec.c in Sources */ = {isa = PBXBuildFile; fileRef = 175CBE211AC93C9B007D7DEC /* jpc_mqdec.c */; };
		17C100B81ACC4D64006B99B3 /* jpc_tagtree.c in Sources */ = {isa = PBXBuildFile; fileRef = 175CBE331AC93C9B007D7DEC /* jpc_tagtree.c */; };
		17C100B91ACC4D64006B99B3 /* jpc_mqenc.c in Sources */ = {isa = PBXBuildFile; fileRef = 175CBE231AC93C9B007D7DEC /* jpc_mqenc.c */; };
		17C100BA1ACC4D64006B99B3 /* ras_dec.c in Sources */ = {isa = PBXBuildFile; fileRef = 175CBDF51AC93C95007D7DEC /* ras_dec.c */; };
		17C100BB1ACC4D64006B99B3 /* jpc_math.c in Sources */ = {isa = PBXBuildFile; fileRef = 175CBE1B1AC93C9B007D7DEC /* jpc_math.c */; };
		17C100BC1ACC4D64006B99B3 /* bmp_enc.c in Sources */ = {isa = PBXBuildFile; fileRef = 175CBDCD1AC93C86007D7DEC /* bmp_enc.c */; };
		17C100BD1ACC4D64006B99B3 /* jpc_enc.c in Sources */ = {isa = PBXBuildFile; fileRef = 175CBE171AC93C9B007D7DEC /* jpc_enc.c */; };
		17C100BE1ACC4D64006B99B3 /* ras_cod.c in Sources */ = {isa = PBXBuildFile; fileRef = 175CBDF31AC93C95007D7DEC /* ras_cod.c */; };
		17C100BF1ACC4D64006B99B3 /* pgx_enc.c in Sources */ = {isa = PBXBuildFile; fileRef = 175CBDEA1AC93C95007D7DEC /* pgx_enc.c */; };
		17C100C01ACC4D64006B99B3 /* jas_seq.c in Sources */ = {isa = PBXBuildFile; fileRef = 175CBDC31AC93C86007D7DEC /* jas_seq.c */; };
		17C100C11ACC4D64006B99B3 /* jpg_dummy.c in Sources */ = {isa = PBXBuildFile; fileRef = 175CBE3C1AC93C9B007D7DEC /* jpg_dummy.c */; };
		17C100C21ACC4D64006B99B3 /* jpc_t2dec.c in Sources */ = {isa = PBXBuildFile; fileRef = 175CBE2F1AC93C9B007D7DEC /* jpc_t2dec.c */; };
		17C100C31ACC4D64006B99B3 /* jpc_qmfb.c in Sources */ = {isa = PBXBuildFile; fileRef = 175CBE251AC93C9B007D7DEC /* jpc_qmfb.c */; };
		17C100C41ACC4D64006B99B3 /* jas_icc.c in Sources */ = {isa = PBXBuildFile; fileRef = 175CBDBE1AC93C86007D7DEC /* jas_icc.c */; };
		17C100C51ACC4D64006B99B3 /* jas_getopt.c in Sources */ = {isa = PBXBuildFile; fileRef = 175CBDBD1AC93C86007D7DEC /* jas_getopt.c */; };
		17C100C81ACC4D64006B99B3 /* jpc_t1cod.h in Headers */ = {isa = PBXBuildFile; fileRef = 175CBE281AC93C9B007D7DEC /* jpc_t1cod.h */; };
		17C100C91ACC4D64006B99B3 /* jp2_cod.h in Headers */ = {isa = PBXBuildFile; fileRef = 175CBE0B1AC93C9B007D7DEC /* jp2_cod.h */; };
		17C100CA1ACC4D64006B99B3 /* jpc_t1enc.h in Headers */ = {isa = PBXBuildFile; fileRef = 175CBE2C1AC93C9B007D7DEC /* jpc_t1enc.h */; };
		17C100CB1ACC4D64006B99B3 /* jpc_enc.h in Headers */ = {isa = PBXBuildFile; fileRef = 175CBE181AC93C9B007D7DEC /* jpc_enc.h */; };
		17C100CC1ACC4D64006B99B3 /* jpc_qmfb.h in Headers */ = {isa = PBXBuildFile; fileRef = 175CBE261AC93C9B007D7DEC /* jpc_qmfb.h */; };
		17C100CD1ACC4D64006B99B3 /* jpg_enc.h in Headers */ = {isa = PBXBuildFile; fileRef = 175CBE3E1AC93C9B007D7DEC /* jpg_enc.h */; };
		17C100CE1ACC4D64006B99B3 /* jpc_mqcod.h in Headers */ = {isa = PBXBuildFile; fileRef = 175CBE201AC93C9B007D7DEC /* jpc_mqcod.h */; };
		17C100CF1ACC4D64006B99B3 /* jpc_fix.h in Headers */ = {isa = PBXBuildFile; fileRef = 175CBE191AC93C9B007D7DEC /* jpc_fix.h */; };
		17C100D01ACC4D64006B99B3 /* pnm_enc.h in Headers */ = {isa = PBXBuildFile; fileRef = 175CBDF11AC93C95007D7DEC /* pnm_enc.h */; };
		17C100D11ACC4D64006B99B3 /* jpc_cs.h in Headers */ = {isa = PBXBuildFile; fileRef = 175CBE141AC93C9B007D7DEC /* jpc_cs.h */; };
		17C100D21ACC4D64006B99B3 /* jpc_t2cod.h in Headers */ = {isa = PBXBuildFile; fileRef = 175CBE2E1AC93C9B007D7DEC /* jpc_t2cod.h */; };
		17C100D31ACC4D64006B99B3 /* ras_enc.h in Headers */ = {isa = PBXBuildFile; fileRef = 175CBDF71AC93C95007D7DEC /* ras_enc.h */; };
		17C100D41ACC4D64006B99B3 /* jpc_tsfb.h in Headers */ = {isa = PBXBuildFile; fileRef = 175CBE361AC93C9B007D7DEC /* jpc_tsfb.h */; };
		17C100D51ACC4D64006B99B3 /* bmp_cod.h in Headers */ = {isa = PBXBuildFile; fileRef = 175CBDCB1AC93C86007D7DEC /* bmp_cod.h */; };
		17C100D61ACC4D64006B99B3 /* jpc_t1dec.h in Headers */ = {isa = PBXBuildFile; fileRef = 175CBE2A1AC93C9B007D7DEC /* jpc_t1dec.h */; };
		17C100D71ACC4D64006B99B3 /* ras_cod.h in Headers */ = {isa = PBXBuildFile; fileRef = 175CBDF41AC93C95007D7DEC /* ras_cod.h */; };
		17C100D81ACC4D64006B99B3 /* jpc_tagtree.h in Headers */ = {isa = PBXBuildFile; fileRef = 175CBE341AC93C9B007D7DEC /* jpc_tagtree.h */; };
		17C100D91ACC4D64006B99B3 /* jpc_dec.h in Headers */ = {isa = PBXBuildFile; fileRef = 175CBE161AC93C9B007D7DEC /* jpc_dec.h */; };
		17C100DA1ACC4D64006B99B3 /* pgx_enc.h in Headers */ = {isa = PBXBuildFile; fileRef = 175CBDEB1AC93C95007D7DEC /* pgx_enc.h */; };
		17C100DB1ACC4D64006B99B3 /* bmp_enc.h in Headers */ = {isa = PBXBuildFile; fileRef = 175CBDCE1AC93C86007D7DEC /* bmp_enc.h */; };
		17C100DC1ACC4D64006B99B3 /* jpc_math.h in Headers */ = {isa = PBXBuildFile; fileRef = 175CBE1C1AC93C9B007D7DEC /* jpc_math.h */; };
		17C100DD1ACC4D64006B99B3 /* jpc_bs.h in Headers */ = {isa = PBXBuildFile; fileRef = 175CBE111AC93C9B007D7DEC /* jpc_bs.h */; };
		17C100DE1ACC4D64006B99B3 /* mif_cod.h in Headers */ = {isa = PBXBuildFile; fileRef = 175CBDE41AC93C95007D7DEC /* mif_cod.h */; };
		17C100DF1ACC4D64006B99B3 /* jpc_util.h in Headers */ = {isa = PBXBuildFile; fileRef = 175CBE381AC93C9B007D7DEC /* jpc_util.h */; };
		17C100E01ACC4D64006B99B3 /* jpg_cod.h in Headers */ = {isa = PBXBuildFile; fileRef = 175CBE3A1AC93C9B007D7DEC /* jpg_cod.h */; };
		17C100E11ACC4D64006B99B3 /* jpc_cod.h in Headers */ = {isa = PBXBuildFile; fileRef = 175CBE121AC93C9B007D7DEC /* jpc_cod.h */; };
		17C100E21ACC4D64006B99B3 /* jp2_dec.h in Headers */ = {isa = PBXBuildFile; fileRef = 175CBE0D1AC93C9B007D7DEC /* jp2_dec.h */; };
		17C100E31ACC4D64006B99B3 /* jpc_mqdec.h in Headers */ = {isa = PBXBuildFile; fileRef = 175CBE221AC93C9B007D7DEC /* jpc_mqdec.h */; };
		17C100E41ACC4D64006B99B3 /* jpc_t2enc.h in Headers */ = {isa = PBXBuildFile; fileRef = 175CBE321AC93C9B007D7DEC /* jpc_t2enc.h */; };
		17C100E51ACC4D64006B99B3 /* jpc_t2dec.h in Headers */ = {isa = PBXBuildFile; fileRef = 175CBE301AC93C9B007D7DEC /* jpc_t2dec.h */; };
		17C100E61ACC4D64006B99B3 /* jpc_flt.h in Headers */ = {isa = PBXBuildFile; fileRef = 175CBE1A1AC93C9B007D7DEC /* jpc_flt.h */; };
		17C100E71ACC4D64006B99B3 /* pgx_cod.h in Headers */ = {isa = PBXBuildFile; fileRef = 175CBDE81AC93C95007D7DEC /* pgx_cod.h */; };
		17C100E81ACC4D64006B99B3 /* pnm_cod.h in Headers */ = {isa = PBXBuildFile; fileRef = 175CBDEE1AC93C95007D7DEC /* pnm_cod.h */; };
		17C100E91ACC4D64006B99B3 /* jpc_mct.h in Headers */ = {isa = PBXBuildFile; fileRef = 175CBE1E1AC93C9B007D7DEC /* jpc_mct.h */; };
		17C100EA1ACC4D64006B99B3 /* jpc_mqenc.h in Headers */ = {isa = PBXBuildFile; fileRef = 175CBE241AC93C9B007D7DEC /* jpc_mqenc.h */; };
/* End PBXBuildFile section */

/* Begin PBXFileReference section */
		175CBDBB1AC93C86007D7DEC /* jas_cm.c */ = {isa = PBXFileReference; fileEncoding = 4; lastKnownFileType = sourcecode.c.c; path = jas_cm.c; sourceTree = "<group>"; };
		175CBDBC1AC93C86007D7DEC /* jas_debug.c */ = {isa = PBXFileReference; fileEncoding = 4; lastKnownFileType = sourcecode.c.c; path = jas_debug.c; sourceTree = "<group>"; };
		175CBDBD1AC93C86007D7DEC /* jas_getopt.c */ = {isa = PBXFileReference; fileEncoding = 4; lastKnownFileType = sourcecode.c.c; path = jas_getopt.c; sourceTree = "<group>"; };
		175CBDBE1AC93C86007D7DEC /* jas_icc.c */ = {isa = PBXFileReference; fileEncoding = 4; lastKnownFileType = sourcecode.c.c; path = jas_icc.c; sourceTree = "<group>"; };
		175CBDBF1AC93C86007D7DEC /* jas_iccdata.c */ = {isa = PBXFileReference; fileEncoding = 4; lastKnownFileType = sourcecode.c.c; path = jas_iccdata.c; sourceTree = "<group>"; };
		175CBDC01AC93C86007D7DEC /* jas_image.c */ = {isa = PBXFileReference; fileEncoding = 4; lastKnownFileType = sourcecode.c.c; path = jas_image.c; sourceTree = "<group>"; };
		175CBDC11AC93C86007D7DEC /* jas_init.c */ = {isa = PBXFileReference; fileEncoding = 4; lastKnownFileType = sourcecode.c.c; path = jas_init.c; sourceTree = "<group>"; };
		175CBDC21AC93C86007D7DEC /* jas_malloc.c */ = {isa = PBXFileReference; fileEncoding = 4; lastKnownFileType = sourcecode.c.c; path = jas_malloc.c; sourceTree = "<group>"; };
		175CBDC31AC93C86007D7DEC /* jas_seq.c */ = {isa = PBXFileReference; fileEncoding = 4; lastKnownFileType = sourcecode.c.c; path = jas_seq.c; sourceTree = "<group>"; };
		175CBDC41AC93C86007D7DEC /* jas_stream.c */ = {isa = PBXFileReference; fileEncoding = 4; lastKnownFileType = sourcecode.c.c; path = jas_stream.c; sourceTree = "<group>"; };
		175CBDC51AC93C86007D7DEC /* jas_string.c */ = {isa = PBXFileReference; fileEncoding = 4; lastKnownFileType = sourcecode.c.c; path = jas_string.c; sourceTree = "<group>"; };
		175CBDC61AC93C86007D7DEC /* jas_tmr.c */ = {isa = PBXFileReference; fileEncoding = 4; lastKnownFileType = sourcecode.c.c; path = jas_tmr.c; sourceTree = "<group>"; };
		175CBDC71AC93C86007D7DEC /* jas_tvp.c */ = {isa = PBXFileReference; fileEncoding = 4; lastKnownFileType = sourcecode.c.c; path = jas_tvp.c; sourceTree = "<group>"; };
		175CBDC81AC93C86007D7DEC /* jas_version.c */ = {isa = PBXFileReference; fileEncoding = 4; lastKnownFileType = sourcecode.c.c; path = jas_version.c; sourceTree = "<group>"; };
		175CBDCA1AC93C86007D7DEC /* bmp_cod.c */ = {isa = PBXFileReference; fileEncoding = 4; lastKnownFileType = sourcecode.c.c; path = bmp_cod.c; sourceTree = "<group>"; };
		175CBDCB1AC93C86007D7DEC /* bmp_cod.h */ = {isa = PBXFileReference; fileEncoding = 4; lastKnownFileType = sourcecode.c.h; path = bmp_cod.h; sourceTree = "<group>"; };
		175CBDCC1AC93C86007D7DEC /* bmp_dec.c */ = {isa = PBXFileReference; fileEncoding = 4; lastKnownFileType = sourcecode.c.c; path = bmp_dec.c; sourceTree = "<group>"; };
		175CBDCD1AC93C86007D7DEC /* bmp_enc.c */ = {isa = PBXFileReference; fileEncoding = 4; lastKnownFileType = sourcecode.c.c; path = bmp_enc.c; sourceTree = "<group>"; };
		175CBDCE1AC93C86007D7DEC /* bmp_enc.h */ = {isa = PBXFileReference; fileEncoding = 4; lastKnownFileType = sourcecode.c.h; path = bmp_enc.h; sourceTree = "<group>"; };
		175CBDE31AC93C95007D7DEC /* mif_cod.c */ = {isa = PBXFileReference; fileEncoding = 4; lastKnownFileType = sourcecode.c.c; path = mif_cod.c; sourceTree = "<group>"; };
		175CBDE41AC93C95007D7DEC /* mif_cod.h */ = {isa = PBXFileReference; fileEncoding = 4; lastKnownFileType = sourcecode.c.h; path = mif_cod.h; sourceTree = "<group>"; };
		175CBDE71AC93C95007D7DEC /* pgx_cod.c */ = {isa = PBXFileReference; fileEncoding = 4; lastKnownFileType = sourcecode.c.c; path = pgx_cod.c; sourceTree = "<group>"; };
		175CBDE81AC93C95007D7DEC /* pgx_cod.h */ = {isa = PBXFileReference; fileEncoding = 4; lastKnownFileType = sourcecode.c.h; path = pgx_cod.h; sourceTree = "<group>"; };
		175CBDE91AC93C95007D7DEC /* pgx_dec.c */ = {isa = PBXFileReference; fileEncoding = 4; lastKnownFileType = sourcecode.c.c; path = pgx_dec.c; sourceTree = "<group>"; };
		175CBDEA1AC93C95007D7DEC /* pgx_enc.c */ = {isa = PBXFileReference; fileEncoding = 4; lastKnownFileType = sourcecode.c.c; path = pgx_enc.c; sourceTree = "<group>"; };
		175CBDEB1AC93C95007D7DEC /* pgx_enc.h */ = {isa = PBXFileReference; fileEncoding = 4; lastKnownFileType = sourcecode.c.h; path = pgx_enc.h; sourceTree = "<group>"; };
		175CBDED1AC93C95007D7DEC /* pnm_cod.c */ = {isa = PBXFileReference; fileEncoding = 4; lastKnownFileType = sourcecode.c.c; path = pnm_cod.c; sourceTree = "<group>"; };
		175CBDEE1AC93C95007D7DEC /* pnm_cod.h */ = {isa = PBXFileReference; fileEncoding = 4; lastKnownFileType = sourcecode.c.h; path = pnm_cod.h; sourceTree = "<group>"; };
		175CBDEF1AC93C95007D7DEC /* pnm_dec.c */ = {isa = PBXFileReference; fileEncoding = 4; lastKnownFileType = sourcecode.c.c; path = pnm_dec.c; sourceTree = "<group>"; };
		175CBDF01AC93C95007D7DEC /* pnm_enc.c */ = {isa = PBXFileReference; fileEncoding = 4; lastKnownFileType = sourcecode.c.c; path = pnm_enc.c; sourceTree = "<group>"; };
		175CBDF11AC93C95007D7DEC /* pnm_enc.h */ = {isa = PBXFileReference; fileEncoding = 4; lastKnownFileType = sourcecode.c.h; path = pnm_enc.h; sourceTree = "<group>"; };
		175CBDF31AC93C95007D7DEC /* ras_cod.c */ = {isa = PBXFileReference; fileEncoding = 4; lastKnownFileType = sourcecode.c.c; path = ras_cod.c; sourceTree = "<group>"; };
		175CBDF41AC93C95007D7DEC /* ras_cod.h */ = {isa = PBXFileReference; fileEncoding = 4; lastKnownFileType = sourcecode.c.h; path = ras_cod.h; sourceTree = "<group>"; };
		175CBDF51AC93C95007D7DEC /* ras_dec.c */ = {isa = PBXFileReference; fileEncoding = 4; lastKnownFileType = sourcecode.c.c; path = ras_dec.c; sourceTree = "<group>"; };
		175CBDF61AC93C95007D7DEC /* ras_enc.c */ = {isa = PBXFileReference; fileEncoding = 4; lastKnownFileType = sourcecode.c.c; path = ras_enc.c; sourceTree = "<group>"; };
		175CBDF71AC93C95007D7DEC /* ras_enc.h */ = {isa = PBXFileReference; fileEncoding = 4; lastKnownFileType = sourcecode.c.h; path = ras_enc.h; sourceTree = "<group>"; };
		175CBE0A1AC93C9B007D7DEC /* jp2_cod.c */ = {isa = PBXFileReference; fileEncoding = 4; lastKnownFileType = sourcecode.c.c; path = jp2_cod.c; sourceTree = "<group>"; };
		175CBE0B1AC93C9B007D7DEC /* jp2_cod.h */ = {isa = PBXFileReference; fileEncoding = 4; lastKnownFileType = sourcecode.c.h; path = jp2_cod.h; sourceTree = "<group>"; };
		175CBE0C1AC93C9B007D7DEC /* jp2_dec.c */ = {isa = PBXFileReference; fileEncoding = 4; lastKnownFileType = sourcecode.c.c; path = jp2_dec.c; sourceTree = "<group>"; };
		175CBE0D1AC93C9B007D7DEC /* jp2_dec.h */ = {isa = PBXFileReference; fileEncoding = 4; lastKnownFileType = sourcecode.c.h; path = jp2_dec.h; sourceTree = "<group>"; };
		175CBE0E1AC93C9B007D7DEC /* jp2_enc.c */ = {isa = PBXFileReference; fileEncoding = 4; lastKnownFileType = sourcecode.c.c; path = jp2_enc.c; sourceTree = "<group>"; };
		175CBE101AC93C9B007D7DEC /* jpc_bs.c */ = {isa = PBXFileReference; fileEncoding = 4; lastKnownFileType = sourcecode.c.c; path = jpc_bs.c; sourceTree = "<group>"; };
		175CBE111AC93C9B007D7DEC /* jpc_bs.h */ = {isa = PBXFileReference; fileEncoding = 4; lastKnownFileType = sourcecode.c.h; path = jpc_bs.h; sourceTree = "<group>"; };
		175CBE121AC93C9B007D7DEC /* jpc_cod.h */ = {isa = PBXFileReference; fileEncoding = 4; lastKnownFileType = sourcecode.c.h; path = jpc_cod.h; sourceTree = "<group>"; };
		175CBE131AC93C9B007D7DEC /* jpc_cs.c */ = {isa = PBXFileReference; fileEncoding = 4; lastKnownFileType = sourcecode.c.c; path = jpc_cs.c; sourceTree = "<group>"; };
		175CBE141AC93C9B007D7DEC /* jpc_cs.h */ = {isa = PBXFileReference; fileEncoding = 4; lastKnownFileType = sourcecode.c.h; path = jpc_cs.h; sourceTree = "<group>"; };
		175CBE151AC93C9B007D7DEC /* jpc_dec.c */ = {isa = PBXFileReference; fileEncoding = 4; lastKnownFileType = sourcecode.c.c; path = jpc_dec.c; sourceTree = "<group>"; };
		175CBE161AC93C9B007D7DEC /* jpc_dec.h */ = {isa = PBXFileReference; fileEncoding = 4; lastKnownFileType = sourcecode.c.h; path = jpc_dec.h; sourceTree = "<group>"; };
		175CBE171AC93C9B007D7DEC /* jpc_enc.c */ = {isa = PBXFileReference; fileEncoding = 4; lastKnownFileType = sourcecode.c.c; path = jpc_enc.c; sourceTree = "<group>"; };
		175CBE181AC93C9B007D7DEC /* jpc_enc.h */ = {isa = PBXFileReference; fileEncoding = 4; lastKnownFileType = sourcecode.c.h; path = jpc_enc.h; sourceTree = "<group>"; };
		175CBE191AC93C9B007D7DEC /* jpc_fix.h */ = {isa = PBXFileReference; fileEncoding = 4; lastKnownFileType = sourcecode.c.h; path = jpc_fix.h; sourceTree = "<group>"; };
		175CBE1A1AC93C9B007D7DEC /* jpc_flt.h */ = {isa = PBXFileReference; fileEncoding = 4; lastKnownFileType = sourcecode.c.h; path = jpc_flt.h; sourceTree = "<group>"; };
		175CBE1B1AC93C9B007D7DEC /* jpc_math.c */ = {isa = PBXFileReference; fileEncoding = 4; lastKnownFileType = sourcecode.c.c; path = jpc_math.c; sourceTree = "<group>"; };
		175CBE1C1AC93C9B007D7DEC /* jpc_math.h */ = {isa = PBXFileReference; fileEncoding = 4; lastKnownFileType = sourcecode.c.h; path = jpc_math.h; sourceTree = "<group>"; };
		175CBE1D1AC93C9B007D7DEC /* jpc_mct.c */ = {isa = PBXFileReference; fileEncoding = 4; lastKnownFileType = sourcecode.c.c; path = jpc_mct.c; sourceTree = "<group>"; };
		175CBE1E1AC93C9B007D7DEC /* jpc_mct.h */ = {isa = PBXFileReference; fileEncoding = 4; lastKnownFileType = sourcecode.c.h; path = jpc_mct.h; sourceTree = "<group>"; };
		175CBE1F1AC93C9B007D7DEC /* jpc_mqcod.c */ = {isa = PBXFileReference; fileEncoding = 4; lastKnownFileType = sourcecode.c.c; path = jpc_mqcod.c; sourceTree = "<group>"; };
		175CBE201AC93C9B007D7DEC /* jpc_mqcod.h */ = {isa = PBXFileReference; fileEncoding = 4; lastKnownFileType = sourcecode.c.h; path = jpc_mqcod.h; sourceTree = "<group>"; };
		175CBE211AC93C9B007D7DEC /* jpc_mqdec.c */ = {isa = PBXFileReference; fileEncoding = 4; lastKnownFileType = sourcecode.c.c; path = jpc_mqdec.c; sourceTree = "<group>"; };
		175CBE221AC93C9B007D7DEC /* jpc_mqdec.h */ = {isa = PBXFileReference; fileEncoding = 4; lastKnownFileType = sourcecode.c.h; path = jpc_mqdec.h; sourceTree = "<group>"; };
		175CBE231AC93C9B007D7DEC /* jpc_mqenc.c */ = {isa = PBXFileReference; fileEncoding = 4; lastKnownFileType = sourcecode.c.c; path = jpc_mqenc.c; sourceTree = "<group>"; };
		175CBE241AC93C9B007D7DEC /* jpc_mqenc.h */ = {isa = PBXFileReference; fileEncoding = 4; lastKnownFileType = sourcecode.c.h; path = jpc_mqenc.h; sourceTree = "<group>"; };
		175CBE251AC93C9B007D7DEC /* jpc_qmfb.c */ = {isa = PBXFileReference; fileEncoding = 4; lastKnownFileType = sourcecode.c.c; path = jpc_qmfb.c; sourceTree = "<group>"; };
		175CBE261AC93C9B007D7DEC /* jpc_qmfb.h */ = {isa = PBXFileReference; fileEncoding = 4; lastKnownFileType = sourcecode.c.h; path = jpc_qmfb.h; sourceTree = "<group>"; };
		175CBE271AC93C9B007D7DEC /* jpc_t1cod.c */ = {isa = PBXFileReference; fileEncoding = 4; lastKnownFileType = sourcecode.c.c; path = jpc_t1cod.c; sourceTree = "<group>"; };
		175CBE281AC93C9B007D7DEC /* jpc_t1cod.h */ = {isa = PBXFileReference; fileEncoding = 4; lastKnownFileType = sourcecode.c.h; path = jpc_t1cod.h; sourceTree = "<group>"; };
		175CBE291AC93C9B007D7DEC /* jpc_t1dec.c */ = {isa = PBXFileReference; fileEncoding = 4; lastKnownFileType = sourcecode.c.c; path = jpc_t1dec.c; sourceTree = "<group>"; };
		175CBE2A1AC93C9B007D7DEC /* jpc_t1dec.h */ = {isa = PBXFileReference; fileEncoding = 4; lastKnownFileType = sourcecode.c.h; path = jpc_t1dec.h; sourceTree = "<group>"; };
		175CBE2B1AC93C9B007D7DEC /* jpc_t1enc.c */ = {isa = PBXFileReference; fileEncoding = 4; lastKnownFileType = sourcecode.c.c; path = jpc_t1enc.c; sourceTree = "<group>"; };
		175CBE2C1AC93C9B007D7DEC /* jpc_t1enc.h */ = {isa = PBXFileReference; fileEncoding = 4; lastKnownFileType = sourcecode.c.h; path = jpc_t1enc.h; sourceTree = "<group>"; };
		175CBE2D1AC93C9B007D7DEC /* jpc_t2cod.c */ = {isa = PBXFileReference; fileEncoding = 4; lastKnownFileType = sourcecode.c.c; path = jpc_t2cod.c; sourceTree = "<group>"; };
		175CBE2E1AC93C9B007D7DEC /* jpc_t2cod.h */ = {isa = PBXFileReference; fileEncoding = 4; lastKnownFileType = sourcecode.c.h; path = jpc_t2cod.h; sourceTree = "<group>"; };
		175CBE2F1AC93C9B007D7DEC /* jpc_t2dec.c */ = {isa = PBXFileReference; fileEncoding = 4; lastKnownFileType = sourcecode.c.c; path = jpc_t2dec.c; sourceTree = "<group>"; };
		175CBE301AC93C9B007D7DEC /* jpc_t2dec.h */ = {isa = PBXFileReference; fileEncoding = 4; lastKnownFileType = sourcecode.c.h; path = jpc_t2dec.h; sourceTree = "<group>"; };
		175CBE311AC93C9B007D7DEC /* jpc_t2enc.c */ = {isa = PBXFileReference; fileEncoding = 4; lastKnownFileType = sourcecode.c.c; path = jpc_t2enc.c; sourceTree = "<group>"; };
		175CBE321AC93C9B007D7DEC /* jpc_t2enc.h */ = {isa = PBXFileReference; fileEncoding = 4; lastKnownFileType = sourcecode.c.h; path = jpc_t2enc.h; sourceTree = "<group>"; };
		175CBE331AC93C9B007D7DEC /* jpc_tagtree.c */ = {isa = PBXFileReference; fileEncoding = 4; lastKnownFileType = sourcecode.c.c; path = jpc_tagtree.c; sourceTree = "<group>"; };
		175CBE341AC93C9B007D7DEC /* jpc_tagtree.h */ = {isa = PBXFileReference; fileEncoding = 4; lastKnownFileType = sourcecode.c.h; path = jpc_tagtree.h; sourceTree = "<group>"; };
		175CBE351AC93C9B007D7DEC /* jpc_tsfb.c */ = {isa = PBXFileReference; fileEncoding = 4; lastKnownFileType = sourcecode.c.c; path = jpc_tsfb.c; sourceTree = "<group>"; };
		175CBE361AC93C9B007D7DEC /* jpc_tsfb.h */ = {isa = PBXFileReference; fileEncoding = 4; lastKnownFileType = sourcecode.c.h; path = jpc_tsfb.h; sourceTree = "<group>"; };
		175CBE371AC93C9B007D7DEC /* jpc_util.c */ = {isa = PBXFileReference; fileEncoding = 4; lastKnownFileType = sourcecode.c.c; path = jpc_util.c; sourceTree = "<group>"; };
		175CBE381AC93C9B007D7DEC /* jpc_util.h */ = {isa = PBXFileReference; fileEncoding = 4; lastKnownFileType = sourcecode.c.h; path = jpc_util.h; sourceTree = "<group>"; };
		175CBE3A1AC93C9B007D7DEC /* jpg_cod.h */ = {isa = PBXFileReference; fileEncoding = 4; lastKnownFileType = sourcecode.c.h; path = jpg_cod.h; sourceTree = "<group>"; };
		175CBE3C1AC93C9B007D7DEC /* jpg_dummy.c */ = {isa = PBXFileReference; fileEncoding = 4; lastKnownFileType = sourcecode.c.c; path = jpg_dummy.c; sourceTree = "<group>"; };
		175CBE3E1AC93C9B007D7DEC /* jpg_enc.h */ = {isa = PBXFileReference; fileEncoding = 4; lastKnownFileType = sourcecode.c.h; path = jpg_enc.h; sourceTree = "<group>"; };
		175CBE401AC93C9B007D7DEC /* jpg_val.c */ = {isa = PBXFileReference; fileEncoding = 4; lastKnownFileType = sourcecode.c.c; path = jpg_val.c; sourceTree = "<group>"; };
		17C100EE1ACC4D64006B99B3 /* libjasper_ios.a */ = {isa = PBXFileReference; explicitFileType = archive.ar; includeInIndex = 0; path = libjasper_ios.a; sourceTree = BUILT_PRODUCTS_DIR; };
/* End PBXFileReference section */

/* Begin PBXFrameworksBuildPhase section */
		17C100C61ACC4D64006B99B3 /* Frameworks */ = {
			isa = PBXFrameworksBuildPhase;
			buildActionMask = 2147483647;
			files = (
			);
			runOnlyForDeploymentPostprocessing = 0;
		};
/* End PBXFrameworksBuildPhase section */

/* Begin PBXGroup section */
		175CBDA31AC93C09007D7DEC = {
			isa = PBXGroup;
			children = (
				175CBDAE1AC93C0A007D7DEC /* jasper */,
				175CBDAD1AC93C0A007D7DEC /* Products */,
			);
			sourceTree = "<group>";
		};
		175CBDAD1AC93C0A007D7DEC /* Products */ = {
			isa = PBXGroup;
			children = (
				17C100EE1ACC4D64006B99B3 /* libjasper_ios.a */,
			);
			name = Products;
			sourceTree = "<group>";
		};
		175CBDAE1AC93C0A007D7DEC /* jasper */ = {
			isa = PBXGroup;
			children = (
				175CBE091AC93C9B007D7DEC /* jp2 */,
				175CBE0F1AC93C9B007D7DEC /* jpc */,
				175CBE391AC93C9B007D7DEC /* jpg */,
				175CBDE21AC93C95007D7DEC /* mif */,
				175CBDE61AC93C95007D7DEC /* pgx */,
				175CBDEC1AC93C95007D7DEC /* pnm */,
				175CBDF21AC93C95007D7DEC /* ras */,
				175CBDBA1AC93C86007D7DEC /* base */,
				175CBDC91AC93C86007D7DEC /* bmp */,
			);
			path = jasper;
			sourceTree = "<group>";
		};
		175CBDBA1AC93C86007D7DEC /* base */ = {
			isa = PBXGroup;
			children = (
				175CBDBB1AC93C86007D7DEC /* jas_cm.c */,
				175CBDBC1AC93C86007D7DEC /* jas_debug.c */,
				175CBDBD1AC93C86007D7DEC /* jas_getopt.c */,
				175CBDBE1AC93C86007D7DEC /* jas_icc.c */,
				175CBDBF1AC93C86007D7DEC /* jas_iccdata.c */,
				175CBDC01AC93C86007D7DEC /* jas_image.c */,
				175CBDC11AC93C86007D7DEC /* jas_init.c */,
				175CBDC21AC93C86007D7DEC /* jas_malloc.c */,
				175CBDC31AC93C86007D7DEC /* jas_seq.c */,
				175CBDC41AC93C86007D7DEC /* jas_stream.c */,
				175CBDC51AC93C86007D7DEC /* jas_string.c */,
				175CBDC61AC93C86007D7DEC /* jas_tmr.c */,
				175CBDC71AC93C86007D7DEC /* jas_tvp.c */,
				175CBDC81AC93C86007D7DEC /* jas_version.c */,
			);
			name = base;
			path = ../../../../cximage/jasper/base;
			sourceTree = "<group>";
		};
		175CBDC91AC93C86007D7DEC /* bmp */ = {
			isa = PBXGroup;
			children = (
				175CBDCA1AC93C86007D7DEC /* bmp_cod.c */,
				175CBDCB1AC93C86007D7DEC /* bmp_cod.h */,
				175CBDCC1AC93C86007D7DEC /* bmp_dec.c */,
				175CBDCD1AC93C86007D7DEC /* bmp_enc.c */,
				175CBDCE1AC93C86007D7DEC /* bmp_enc.h */,
			);
			name = bmp;
			path = ../../../../cximage/jasper/bmp;
			sourceTree = "<group>";
		};
		175CBDE21AC93C95007D7DEC /* mif */ = {
			isa = PBXGroup;
			children = (
				175CBDE31AC93C95007D7DEC /* mif_cod.c */,
				175CBDE41AC93C95007D7DEC /* mif_cod.h */,
			);
			name = mif;
			path = ../../../../cximage/jasper/mif;
			sourceTree = "<group>";
		};
		175CBDE61AC93C95007D7DEC /* pgx */ = {
			isa = PBXGroup;
			children = (
				175CBDE71AC93C95007D7DEC /* pgx_cod.c */,
				175CBDE81AC93C95007D7DEC /* pgx_cod.h */,
				175CBDE91AC93C95007D7DEC /* pgx_dec.c */,
				175CBDEA1AC93C95007D7DEC /* pgx_enc.c */,
				175CBDEB1AC93C95007D7DEC /* pgx_enc.h */,
			);
			name = pgx;
			path = ../../../../cximage/jasper/pgx;
			sourceTree = "<group>";
		};
		175CBDEC1AC93C95007D7DEC /* pnm */ = {
			isa = PBXGroup;
			children = (
				175CBDED1AC93C95007D7DEC /* pnm_cod.c */,
				175CBDEE1AC93C95007D7DEC /* pnm_cod.h */,
				175CBDEF1AC93C95007D7DEC /* pnm_dec.c */,
				175CBDF01AC93C95007D7DEC /* pnm_enc.c */,
				175CBDF11AC93C95007D7DEC /* pnm_enc.h */,
			);
			name = pnm;
			path = ../../../../cximage/jasper/pnm;
			sourceTree = "<group>";
		};
		175CBDF21AC93C95007D7DEC /* ras */ = {
			isa = PBXGroup;
			children = (
				175CBDF31AC93C95007D7DEC /* ras_cod.c */,
				175CBDF41AC93C95007D7DEC /* ras_cod.h */,
				175CBDF51AC93C95007D7DEC /* ras_dec.c */,
				175CBDF61AC93C95007D7DEC /* ras_enc.c */,
				175CBDF71AC93C95007D7DEC /* ras_enc.h */,
			);
			name = ras;
			path = ../../../../cximage/jasper/ras;
			sourceTree = "<group>";
		};
		175CBE091AC93C9B007D7DEC /* jp2 */ = {
			isa = PBXGroup;
			children = (
				175CBE0A1AC93C9B007D7DEC /* jp2_cod.c */,
				175CBE0B1AC93C9B007D7DEC /* jp2_cod.h */,
				175CBE0C1AC93C9B007D7DEC /* jp2_dec.c */,
				175CBE0D1AC93C9B007D7DEC /* jp2_dec.h */,
				175CBE0E1AC93C9B007D7DEC /* jp2_enc.c */,
			);
			name = jp2;
			path = ../../../../cximage/jasper/jp2;
			sourceTree = "<group>";
		};
		175CBE0F1AC93C9B007D7DEC /* jpc */ = {
			isa = PBXGroup;
			children = (
				175CBE101AC93C9B007D7DEC /* jpc_bs.c */,
				175CBE111AC93C9B007D7DEC /* jpc_bs.h */,
				175CBE121AC93C9B007D7DEC /* jpc_cod.h */,
				175CBE131AC93C9B007D7DEC /* jpc_cs.c */,
				175CBE141AC93C9B007D7DEC /* jpc_cs.h */,
				175CBE151AC93C9B007D7DEC /* jpc_dec.c */,
				175CBE161AC93C9B007D7DEC /* jpc_dec.h */,
				175CBE171AC93C9B007D7DEC /* jpc_enc.c */,
				175CBE181AC93C9B007D7DEC /* jpc_enc.h */,
				175CBE191AC93C9B007D7DEC /* jpc_fix.h */,
				175CBE1A1AC93C9B007D7DEC /* jpc_flt.h */,
				175CBE1B1AC93C9B007D7DEC /* jpc_math.c */,
				175CBE1C1AC93C9B007D7DEC /* jpc_math.h */,
				175CBE1D1AC93C9B007D7DEC /* jpc_mct.c */,
				175CBE1E1AC93C9B007D7DEC /* jpc_mct.h */,
				175CBE1F1AC93C9B007D7DEC /* jpc_mqcod.c */,
				175CBE201AC93C9B007D7DEC /* jpc_mqcod.h */,
				175CBE211AC93C9B007D7DEC /* jpc_mqdec.c */,
				175CBE221AC93C9B007D7DEC /* jpc_mqdec.h */,
				175CBE231AC93C9B007D7DEC /* jpc_mqenc.c */,
				175CBE241AC93C9B007D7DEC /* jpc_mqenc.h */,
				175CBE251AC93C9B007D7DEC /* jpc_qmfb.c */,
				175CBE261AC93C9B007D7DEC /* jpc_qmfb.h */,
				175CBE271AC93C9B007D7DEC /* jpc_t1cod.c */,
				175CBE281AC93C9B007D7DEC /* jpc_t1cod.h */,
				175CBE291AC93C9B007D7DEC /* jpc_t1dec.c */,
				175CBE2A1AC93C9B007D7DEC /* jpc_t1dec.h */,
				175CBE2B1AC93C9B007D7DEC /* jpc_t1enc.c */,
				175CBE2C1AC93C9B007D7DEC /* jpc_t1enc.h */,
				175CBE2D1AC93C9B007D7DEC /* jpc_t2cod.c */,
				175CBE2E1AC93C9B007D7DEC /* jpc_t2cod.h */,
				175CBE2F1AC93C9B007D7DEC /* jpc_t2dec.c */,
				175CBE301AC93C9B007D7DEC /* jpc_t2dec.h */,
				175CBE311AC93C9B007D7DEC /* jpc_t2enc.c */,
				175CBE321AC93C9B007D7DEC /* jpc_t2enc.h */,
				175CBE331AC93C9B007D7DEC /* jpc_tagtree.c */,
				175CBE341AC93C9B007D7DEC /* jpc_tagtree.h */,
				175CBE351AC93C9B007D7DEC /* jpc_tsfb.c */,
				175CBE361AC93C9B007D7DEC /* jpc_tsfb.h */,
				175CBE371AC93C9B007D7DEC /* jpc_util.c */,
				175CBE381AC93C9B007D7DEC /* jpc_util.h */,
			);
			name = jpc;
			path = ../../../../cximage/jasper/jpc;
			sourceTree = "<group>";
		};
		175CBE391AC93C9B007D7DEC /* jpg */ = {
			isa = PBXGroup;
			children = (
				175CBE3A1AC93C9B007D7DEC /* jpg_cod.h */,
				175CBE3C1AC93C9B007D7DEC /* jpg_dummy.c */,
				175CBE3E1AC93C9B007D7DEC /* jpg_enc.h */,
				175CBE401AC93C9B007D7DEC /* jpg_val.c */,
			);
			name = jpg;
			path = ../../../../cximage/jasper/jpg;
			sourceTree = "<group>";
		};
/* End PBXGroup section */

/* Begin PBXHeadersBuildPhase section */
		17C100C71ACC4D64006B99B3 /* Headers */ = {
			isa = PBXHeadersBuildPhase;
			buildActionMask = 2147483647;
			files = (
				17C100C81ACC4D64006B99B3 /* jpc_t1cod.h in Headers */,
				17C100C91ACC4D64006B99B3 /* jp2_cod.h in Headers */,
				17C100CA1ACC4D64006B99B3 /* jpc_t1enc.h in Headers */,
				17C100CB1ACC4D64006B99B3 /* jpc_enc.h in Headers */,
				17C100CC1ACC4D64006B99B3 /* jpc_qmfb.h in Headers */,
				17C100CD1ACC4D64006B99B3 /* jpg_enc.h in Headers */,
				17C100CE1ACC4D64006B99B3 /* jpc_mqcod.h in Headers */,
				17C100CF1ACC4D64006B99B3 /* jpc_fix.h in Headers */,
				17C100D01ACC4D64006B99B3 /* pnm_enc.h in Headers */,
				17C100D11ACC4D64006B99B3 /* jpc_cs.h in Headers */,
				17C100D21ACC4D64006B99B3 /* jpc_t2cod.h in Headers */,
				17C100D31ACC4D64006B99B3 /* ras_enc.h in Headers */,
				17C100D41ACC4D64006B99B3 /* jpc_tsfb.h in Headers */,
				17C100D51ACC4D64006B99B3 /* bmp_cod.h in Headers */,
				17C100D61ACC4D64006B99B3 /* jpc_t1dec.h in Headers */,
				17C100D71ACC4D64006B99B3 /* ras_cod.h in Headers */,
				17C100D81ACC4D64006B99B3 /* jpc_tagtree.h in Headers */,
				17C100D91ACC4D64006B99B3 /* jpc_dec.h in Headers */,
				17C100DA1ACC4D64006B99B3 /* pgx_enc.h in Headers */,
				17C100DB1ACC4D64006B99B3 /* bmp_enc.h in Headers */,
				17C100DC1ACC4D64006B99B3 /* jpc_math.h in Headers */,
				17C100DD1ACC4D64006B99B3 /* jpc_bs.h in Headers */,
				17C100DE1ACC4D64006B99B3 /* mif_cod.h in Headers */,
				17C100DF1ACC4D64006B99B3 /* jpc_util.h in Headers */,
				17C100E01ACC4D64006B99B3 /* jpg_cod.h in Headers */,
				17C100E11ACC4D64006B99B3 /* jpc_cod.h in Headers */,
				17C100E21ACC4D64006B99B3 /* jp2_dec.h in Headers */,
				17C100E31ACC4D64006B99B3 /* jpc_mqdec.h in Headers */,
				17C100E41ACC4D64006B99B3 /* jpc_t2enc.h in Headers */,
				17C100E51ACC4D64006B99B3 /* jpc_t2dec.h in Headers */,
				17C100E61ACC4D64006B99B3 /* jpc_flt.h in Headers */,
				17C100E71ACC4D64006B99B3 /* pgx_cod.h in Headers */,
				17C100E81ACC4D64006B99B3 /* pnm_cod.h in Headers */,
				17C100E91ACC4D64006B99B3 /* jpc_mct.h in Headers */,
				17C100EA1ACC4D64006B99B3 /* jpc_mqenc.h in Headers */,
			);
			runOnlyForDeploymentPostprocessing = 0;
		};
/* End PBXHeadersBuildPhase section */

/* Begin PBXNativeTarget section */
		17C100911ACC4D64006B99B3 /* jasper */ = {
			isa = PBXNativeTarget;
			buildConfigurationList = 17C100EB1ACC4D64006B99B3 /* Build configuration list for PBXNativeTarget "jasper" */;
			buildPhases = (
				17C100921ACC4D64006B99B3 /* Sources */,
				17C100C61ACC4D64006B99B3 /* Frameworks */,
				17C100C71ACC4D64006B99B3 /* Headers */,
			);
			buildRules = (
			);
			dependencies = (
			);
			name = jasper;
			productName = jasper;
			productReference = 17C100EE1ACC4D64006B99B3 /* libjasper_ios.a */;
			productType = "com.apple.product-type.library.static";
		};
/* End PBXNativeTarget section */

/* Begin PBXProject section */
		175CBDA41AC93C09007D7DEC /* Project object */ = {
			isa = PBXProject;
			attributes = {
				LastUpgradeCheck = 0930;
				ORGANIZATIONNAME = "Ascensio System SIA";
			};
			buildConfigurationList = 175CBDA71AC93C09007D7DEC /* Build configuration list for PBXProject "jasper" */;
			compatibilityVersion = "Xcode 3.2";
			developmentRegion = English;
			hasScannedForEncodings = 0;
			knownRegions = (
				English,
				en,
			);
			mainGroup = 175CBDA31AC93C09007D7DEC;
			productRefGroup = 175CBDAD1AC93C0A007D7DEC /* Products */;
			projectDirPath = "";
			projectRoot = "";
			targets = (
				17C100911ACC4D64006B99B3 /* jasper */,
			);
		};
/* End PBXProject section */

/* Begin PBXSourcesBuildPhase section */
		17C100921ACC4D64006B99B3 /* Sources */ = {
			isa = PBXSourcesBuildPhase;
			buildActionMask = 2147483647;
			files = (
				17C100931ACC4D64006B99B3 /* jpc_t2enc.c in Sources */,
				17C100941ACC4D64006B99B3 /* jas_stream.c in Sources */,
				17C100951ACC4D64006B99B3 /* ras_enc.c in Sources */,
				17C100961ACC4D64006B99B3 /* jas_version.c in Sources */,
				17C100971ACC4D64006B99B3 /* jpc_mqcod.c in Sources */,
				17C100981ACC4D64006B99B3 /* pnm_enc.c in Sources */,
				17C100991ACC4D64006B99B3 /* jas_debug.c in Sources */,
				17C1009A1ACC4D64006B99B3 /* pnm_dec.c in Sources */,
				17C1009B1ACC4D64006B99B3 /* jpc_mct.c in Sources */,
				17C1009C1ACC4D64006B99B3 /* jpc_t2cod.c in Sources */,
				17C1009D1ACC4D64006B99B3 /* jas_cm.c in Sources */,
				17C1009E1ACC4D64006B99B3 /* bmp_dec.c in Sources */,
				17C1009F1ACC4D64006B99B3 /* jp2_dec.c in Sources */,
				17C100A01ACC4D64006B99B3 /* jpc_t1enc.c in Sources */,
				17C100A11ACC4D64006B99B3 /* jpc_bs.c in Sources */,
				17C100A21ACC4D64006B99B3 /* jas_tvp.c in Sources */,
				17C100A31ACC4D64006B99B3 /* jpc_cs.c in Sources */,
				17C100A41ACC4D64006B99B3 /* bmp_cod.c in Sources */,
				17C100A51ACC4D64006B99B3 /* jas_malloc.c in Sources */,
				17C100A61ACC4D64006B99B3 /* jas_init.c in Sources */,
				17C100A71ACC4D64006B99B3 /* jas_image.c in Sources */,
				17C100A81ACC4D64006B99B3 /* jas_tmr.c in Sources */,
				17C100A91ACC4D64006B99B3 /* jpg_val.c in Sources */,
				17C100AA1ACC4D64006B99B3 /* jpc_tsfb.c in Sources */,
				17C100AB1ACC4D64006B99B3 /* jp2_enc.c in Sources */,
				17C100AC1ACC4D64006B99B3 /* jpc_dec.c in Sources */,
				17C100AD1ACC4D64006B99B3 /* jpc_t1cod.c in Sources */,
				17C100AE1ACC4D64006B99B3 /* mif_cod.c in Sources */,
				17C100AF1ACC4D64006B99B3 /* jpc_t1dec.c in Sources */,
				17C100B01ACC4D64006B99B3 /* jpc_util.c in Sources */,
				17C100B11ACC4D64006B99B3 /* jp2_cod.c in Sources */,
				17C100B21ACC4D64006B99B3 /* pnm_cod.c in Sources */,
				17C100B31ACC4D64006B99B3 /* pgx_dec.c in Sources */,
				17C100B41ACC4D64006B99B3 /* jas_string.c in Sources */,
				17C100B51ACC4D64006B99B3 /* pgx_cod.c in Sources */,
				17C100B61ACC4D64006B99B3 /* jas_iccdata.c in Sources */,
				17C100B71ACC4D64006B99B3 /* jpc_mqdec.c in Sources */,
				17C100B81ACC4D64006B99B3 /* jpc_tagtree.c in Sources */,
				17C100B91ACC4D64006B99B3 /* jpc_mqenc.c in Sources */,
				17C100BA1ACC4D64006B99B3 /* ras_dec.c in Sources */,
				17C100BB1ACC4D64006B99B3 /* jpc_math.c in Sources */,
				17C100BC1ACC4D64006B99B3 /* bmp_enc.c in Sources */,
				17C100BD1ACC4D64006B99B3 /* jpc_enc.c in Sources */,
				17C100BE1ACC4D64006B99B3 /* ras_cod.c in Sources */,
				17C100BF1ACC4D64006B99B3 /* pgx_enc.c in Sources */,
				17C100C01ACC4D64006B99B3 /* jas_seq.c in Sources */,
				17C100C11ACC4D64006B99B3 /* jpg_dummy.c in Sources */,
				17C100C21ACC4D64006B99B3 /* jpc_t2dec.c in Sources */,
				17C100C31ACC4D64006B99B3 /* jpc_qmfb.c in Sources */,
				17C100C41ACC4D64006B99B3 /* jas_icc.c in Sources */,
				17C100C51ACC4D64006B99B3 /* jas_getopt.c in Sources */,
			);
			runOnlyForDeploymentPostprocessing = 0;
		};
/* End PBXSourcesBuildPhase section */

/* Begin XCBuildConfiguration section */
		175CBDB51AC93C0A007D7DEC /* Debug */ = {
			isa = XCBuildConfiguration;
			buildSettings = {
				ALWAYS_SEARCH_USER_PATHS = NO;
				CLANG_CXX_LANGUAGE_STANDARD = "gnu++0x";
				CLANG_CXX_LIBRARY = "libc++";
				CLANG_ENABLE_MODULES = YES;
				CLANG_ENABLE_OBJC_ARC = YES;
				CLANG_WARN_BLOCK_CAPTURE_AUTORELEASING = YES;
				CLANG_WARN_BOOL_CONVERSION = YES;
				CLANG_WARN_COMMA = YES;
				CLANG_WARN_CONSTANT_CONVERSION = YES;
				CLANG_WARN_DEPRECATED_OBJC_IMPLEMENTATIONS = YES;
				CLANG_WARN_DIRECT_OBJC_ISA_USAGE = YES_ERROR;
				CLANG_WARN_EMPTY_BODY = YES;
				CLANG_WARN_ENUM_CONVERSION = YES;
				CLANG_WARN_INFINITE_RECURSION = YES;
				CLANG_WARN_INT_CONVERSION = YES;
				CLANG_WARN_NON_LITERAL_NULL_CONVERSION = YES;
				CLANG_WARN_OBJC_IMPLICIT_RETAIN_SELF = YES;
				CLANG_WARN_OBJC_LITERAL_CONVERSION = YES;
				CLANG_WARN_OBJC_ROOT_CLASS = YES_ERROR;
				CLANG_WARN_RANGE_LOOP_ANALYSIS = YES;
				CLANG_WARN_STRICT_PROTOTYPES = YES;
				CLANG_WARN_SUSPICIOUS_MOVE = YES;
				CLANG_WARN_UNREACHABLE_CODE = YES;
				CLANG_WARN__DUPLICATE_METHOD_MATCH = YES;
				COPY_PHASE_STRIP = NO;
				ENABLE_STRICT_OBJC_MSGSEND = YES;
				ENABLE_TESTABILITY = YES;
				GCC_C_LANGUAGE_STANDARD = gnu99;
				GCC_DYNAMIC_NO_PIC = NO;
				GCC_NO_COMMON_BLOCKS = YES;
				GCC_OPTIMIZATION_LEVEL = 0;
				GCC_PREPROCESSOR_DEFINITIONS = (
					"DEBUG=1",
					"$(inherited)",
				);
				GCC_SYMBOLS_PRIVATE_EXTERN = NO;
				GCC_WARN_64_TO_32_BIT_CONVERSION = YES;
				GCC_WARN_ABOUT_RETURN_TYPE = YES_ERROR;
				GCC_WARN_UNDECLARED_SELECTOR = YES;
				GCC_WARN_UNINITIALIZED_AUTOS = YES_AGGRESSIVE;
				GCC_WARN_UNUSED_FUNCTION = YES;
				GCC_WARN_UNUSED_VARIABLE = YES;
				IPHONEOS_DEPLOYMENT_TARGET = 10.0;
				MACOSX_DEPLOYMENT_TARGET = 10.10;
				MTL_ENABLE_DEBUG_INFO = YES;
				ONLY_ACTIVE_ARCH = YES;
				SDKROOT = macosx;
			};
			name = Debug;
		};
		175CBDB61AC93C0A007D7DEC /* Release */ = {
			isa = XCBuildConfiguration;
			buildSettings = {
				ALWAYS_SEARCH_USER_PATHS = NO;
				CLANG_CXX_LANGUAGE_STANDARD = "gnu++0x";
				CLANG_CXX_LIBRARY = "libc++";
				CLANG_ENABLE_MODULES = YES;
				CLANG_ENABLE_OBJC_ARC = YES;
				CLANG_WARN_BLOCK_CAPTURE_AUTORELEASING = YES;
				CLANG_WARN_BOOL_CONVERSION = YES;
				CLANG_WARN_COMMA = YES;
				CLANG_WARN_CONSTANT_CONVERSION = YES;
				CLANG_WARN_DEPRECATED_OBJC_IMPLEMENTATIONS = YES;
				CLANG_WARN_DIRECT_OBJC_ISA_USAGE = YES_ERROR;
				CLANG_WARN_EMPTY_BODY = YES;
				CLANG_WARN_ENUM_CONVERSION = YES;
				CLANG_WARN_INFINITE_RECURSION = YES;
				CLANG_WARN_INT_CONVERSION = YES;
				CLANG_WARN_NON_LITERAL_NULL_CONVERSION = YES;
				CLANG_WARN_OBJC_IMPLICIT_RETAIN_SELF = YES;
				CLANG_WARN_OBJC_LITERAL_CONVERSION = YES;
				CLANG_WARN_OBJC_ROOT_CLASS = YES_ERROR;
				CLANG_WARN_RANGE_LOOP_ANALYSIS = YES;
				CLANG_WARN_STRICT_PROTOTYPES = YES;
				CLANG_WARN_SUSPICIOUS_MOVE = YES;
				CLANG_WARN_UNREACHABLE_CODE = YES;
				CLANG_WARN__DUPLICATE_METHOD_MATCH = YES;
				COPY_PHASE_STRIP = NO;
				DEBUG_INFORMATION_FORMAT = "dwarf-with-dsym";
				ENABLE_NS_ASSERTIONS = NO;
				ENABLE_STRICT_OBJC_MSGSEND = YES;
				GCC_C_LANGUAGE_STANDARD = gnu99;
				GCC_NO_COMMON_BLOCKS = YES;
				GCC_WARN_64_TO_32_BIT_CONVERSION = YES;
				GCC_WARN_ABOUT_RETURN_TYPE = YES_ERROR;
				GCC_WARN_UNDECLARED_SELECTOR = YES;
				GCC_WARN_UNINITIALIZED_AUTOS = YES_AGGRESSIVE;
				GCC_WARN_UNUSED_FUNCTION = YES;
				GCC_WARN_UNUSED_VARIABLE = YES;
				IPHONEOS_DEPLOYMENT_TARGET = 10.0;
				MACOSX_DEPLOYMENT_TARGET = 10.10;
				MTL_ENABLE_DEBUG_INFO = NO;
				SDKROOT = macosx;
			};
			name = Release;
		};
		17C100EC1ACC4D64006B99B3 /* Debug */ = {
			isa = XCBuildConfiguration;
			buildSettings = {
				ENABLE_BITCODE = YES;
				EXECUTABLE_PREFIX = lib;
				GCC_ENABLE_CPP_EXCEPTIONS = YES;
				GCC_ENABLE_CPP_RTTI = YES;
				GCC_PREPROCESSOR_DEFINITIONS = (
					EXCLUDE_JPG_SUPPORT,
					HAVE_UNISTD_H,
					_IOS,
				);
				GCC_SYMBOLS_PRIVATE_EXTERN = NO;
				HEADER_SEARCH_PATHS = (
					"$(inherited)",
					/Applications/Xcode.app/Contents/Developer/Toolchains/XcodeDefault.xctoolchain/usr/include,
					"$(PROJECT_DIR)/../../../cximage/jasper/include/",
				);
				IPHONEOS_DEPLOYMENT_TARGET = 10.0;
				PRODUCT_NAME = jasper_ios;
				SDKROOT = iphoneos;
			};
			name = Debug;
		};
		17C100ED1ACC4D64006B99B3 /* Release */ = {
			isa = XCBuildConfiguration;
			buildSettings = {
				ENABLE_BITCODE = YES;
				EXECUTABLE_PREFIX = lib;
				GCC_ENABLE_CPP_EXCEPTIONS = YES;
				GCC_ENABLE_CPP_RTTI = YES;
				GCC_PREPROCESSOR_DEFINITIONS = (
					EXCLUDE_JPG_SUPPORT,
					HAVE_UNISTD_H,
					_IOS,
				);
				GCC_SYMBOLS_PRIVATE_EXTERN = NO;
				HEADER_SEARCH_PATHS = (
					"$(inherited)",
					/Applications/Xcode.app/Contents/Developer/Toolchains/XcodeDefault.xctoolchain/usr/include,
					"$(PROJECT_DIR)/../../../cximage/jasper/include/",
				);
				IPHONEOS_DEPLOYMENT_TARGET = 10.0;
				PRODUCT_NAME = jasper_ios;
				SDKROOT = iphoneos;
			};
			name = Release;
		};
/* End XCBuildConfiguration section */

/* Begin XCConfigurationList section */
		175CBDA71AC93C09007D7DEC /* Build configuration list for PBXProject "jasper" */ = {
			isa = XCConfigurationList;
			buildConfigurations = (
				175CBDB51AC93C0A007D7DEC /* Debug */,
				175CBDB61AC93C0A007D7DEC /* Release */,
			);
			defaultConfigurationIsVisible = 0;
			defaultConfigurationName = Release;
		};
		17C100EB1ACC4D64006B99B3 /* Build configuration list for PBXNativeTarget "jasper" */ = {
			isa = XCConfigurationList;
			buildConfigurations = (
				17C100EC1ACC4D64006B99B3 /* Debug */,
				17C100ED1ACC4D64006B99B3 /* Release */,
			);
			defaultConfigurationIsVisible = 0;
			defaultConfigurationName = Release;
		};
/* End XCConfigurationList section */
	};
	rootObject = 175CBDA41AC93C09007D7DEC /* Project object */;
}
